// !$*UTF8*$!
{
	archiveVersion = 1;
	classes = {
	};
	objectVersion = 46;
	objects = {

/* Begin PBXBuildFile section */
		062F1D061C02EA9600D37589 /* CWLAlert.m in Sources */ = {isa = PBXBuildFile; fileRef = 062F1D051C02EA9600D37589 /* CWLAlert.m */; };
		062F1D0A1C02EB0E00D37589 /* MBProgressHUD.m in Sources */ = {isa = PBXBuildFile; fileRef = 062F1D091C02EB0E00D37589 /* MBProgressHUD.m */; };
		062F1D101C02FEAF00D37589 /* EquipmentCell.m in Sources */ = {isa = PBXBuildFile; fileRef = 062F1D0F1C02FEAF00D37589 /* EquipmentCell.m */; };
		062F1D131C0309E500D37589 /* DataStorage.m in Sources */ = {isa = PBXBuildFile; fileRef = 062F1D121C0309E500D37589 /* DataStorage.m */; };
		065990021C89652700AF4CB0 /* SlidingView.m in Sources */ = {isa = PBXBuildFile; fileRef = 065990011C89652700AF4CB0 /* SlidingView.m */; };
		065990151C89676900AF4CB0 /* 中间按钮1.png in Resources */ = {isa = PBXBuildFile; fileRef = 065990041C89676900AF4CB0 /* 中间按钮1.png */; };
		065990161C89676900AF4CB0 /* 中间按钮2.png in Resources */ = {isa = PBXBuildFile; fileRef = 065990051C89676900AF4CB0 /* 中间按钮2.png */; };
		065990171C89676900AF4CB0 /* 大按钮状态白.png in Resources */ = {isa = PBXBuildFile; fileRef = 065990061C89676900AF4CB0 /* 大按钮状态白.png */; };
		065990181C89676900AF4CB0 /* 大按钮状态红.png in Resources */ = {isa = PBXBuildFile; fileRef = 065990071C89676900AF4CB0 /* 大按钮状态红.png */; };
		065990191C89676900AF4CB0 /* 大按钮状态绿.png in Resources */ = {isa = PBXBuildFile; fileRef = 065990081C89676900AF4CB0 /* 大按钮状态绿.png */; };
		0659901A1C89676900AF4CB0 /* 大按钮状态蓝.png in Resources */ = {isa = PBXBuildFile; fileRef = 065990091C89676900AF4CB0 /* 大按钮状态蓝.png */; };
		0659901B1C89676900AF4CB0 /* 小按钮状态2.png in Resources */ = {isa = PBXBuildFile; fileRef = 0659900A1C89676900AF4CB0 /* 小按钮状态2.png */; };
		0659901C1C89676900AF4CB0 /* 未标题-1.png in Resources */ = {isa = PBXBuildFile; fileRef = 0659900B1C89676900AF4CB0 /* 未标题-1.png */; };
		0659901D1C89676900AF4CB0 /* 色饼.png in Resources */ = {isa = PBXBuildFile; fileRef = 0659900C1C89676900AF4CB0 /* 色饼.png */; };
		0659901E1C89676900AF4CB0 /* 设计图_03.png in Resources */ = {isa = PBXBuildFile; fileRef = 0659900D1C89676900AF4CB0 /* 设计图_03.png */; };
		0659901F1C89676900AF4CB0 /* 设计图_05.png in Resources */ = {isa = PBXBuildFile; fileRef = 0659900E1C89676900AF4CB0 /* 设计图_05.png */; };
		065990201C89676900AF4CB0 /* 设计图_10.png in Resources */ = {isa = PBXBuildFile; fileRef = 0659900F1C89676900AF4CB0 /* 设计图_10.png */; };
		065990211C89676900AF4CB0 /* 设计图_17.png in Resources */ = {isa = PBXBuildFile; fileRef = 065990101C89676900AF4CB0 /* 设计图_17.png */; };
		065990221C89676900AF4CB0 /* 设计图_30.png in Resources */ = {isa = PBXBuildFile; fileRef = 065990111C89676900AF4CB0 /* 设计图_30.png */; };
		065990231C89676900AF4CB0 /* 设计图_34.png in Resources */ = {isa = PBXBuildFile; fileRef = 065990121C89676900AF4CB0 /* 设计图_34.png */; };
		065990241C89676900AF4CB0 /* 设计图_37.jpg in Resources */ = {isa = PBXBuildFile; fileRef = 065990131C89676900AF4CB0 /* 设计图_37.jpg */; };
		065990251C89676900AF4CB0 /* 设计图_37.png in Resources */ = {isa = PBXBuildFile; fileRef = 065990141C89676900AF4CB0 /* 设计图_37.png */; };
		065990281C89786100AF4CB0 /* 底部1.png in Resources */ = {isa = PBXBuildFile; fileRef = 065990261C89786100AF4CB0 /* 底部1.png */; };
		065990291C89786100AF4CB0 /* 底部2.png in Resources */ = {isa = PBXBuildFile; fileRef = 065990271C89786100AF4CB0 /* 底部2.png */; };
		189A38301BE64E30006EFD78 /* RegisteredVC.m in Sources */ = {isa = PBXBuildFile; fileRef = 189A382F1BE64E30006EFD78 /* RegisteredVC.m */; };
		189A38331BE65520006EFD78 /* RegistereConfirmVC.m in Sources */ = {isa = PBXBuildFile; fileRef = 189A38321BE65520006EFD78 /* RegistereConfirmVC.m */; };
		18C970F21BE52B5C00C3AB7A /* main.m in Sources */ = {isa = PBXBuildFile; fileRef = 18C970F11BE52B5C00C3AB7A /* main.m */; };
		18C970FB1BE52B5C00C3AB7A /* Main.storyboard in Resources */ = {isa = PBXBuildFile; fileRef = 18C970F91BE52B5C00C3AB7A /* Main.storyboard */; };
		18C970FD1BE52B5C00C3AB7A /* Assets.xcassets in Resources */ = {isa = PBXBuildFile; fileRef = 18C970FC1BE52B5C00C3AB7A /* Assets.xcassets */; };
		18C971001BE52B5C00C3AB7A /* LaunchScreen.storyboard in Resources */ = {isa = PBXBuildFile; fileRef = 18C970FE1BE52B5C00C3AB7A /* LaunchScreen.storyboard */; };
		18C9710B1BE52B5C00C3AB7A /* lampAppTests.m in Sources */ = {isa = PBXBuildFile; fileRef = 18C9710A1BE52B5C00C3AB7A /* lampAppTests.m */; };
		18C971161BE52B5C00C3AB7A /* lampAppUITests.m in Sources */ = {isa = PBXBuildFile; fileRef = 18C971151BE52B5C00C3AB7A /* lampAppUITests.m */; };
		18C9718C1BE52CF400C3AB7A /* AppDelegate.m in Sources */ = {isa = PBXBuildFile; fileRef = 18C971281BE52CF400C3AB7A /* AppDelegate.m */; };
		18C9718D1BE52CF400C3AB7A /* HomeTabBarVC.m in Sources */ = {isa = PBXBuildFile; fileRef = 18C9712A1BE52CF400C3AB7A /* HomeTabBarVC.m */; };
		18C9718E1BE52CF400C3AB7A /* UIViewController+Transit.m in Sources */ = {isa = PBXBuildFile; fileRef = 18C9712C1BE52CF400C3AB7A /* UIViewController+Transit.m */; };
		18C9718F1BE52CF400C3AB7A /* ViewController.m in Sources */ = {isa = PBXBuildFile; fileRef = 18C9712E1BE52CF400C3AB7A /* ViewController.m */; };
		18C971B21BE52CF400C3AB7A /* ControlsToCreate.m in Sources */ = {isa = PBXBuildFile; fileRef = 18C971871BE52CF400C3AB7A /* ControlsToCreate.m */; };
		18C971B31BE52CF400C3AB7A /* CWLtool.m in Sources */ = {isa = PBXBuildFile; fileRef = 18C971891BE52CF400C3AB7A /* CWLtool.m */; };
		18C971B41BE52CF400C3AB7A /* UIView+Auxiliary.m in Sources */ = {isa = PBXBuildFile; fileRef = 18C9718B1BE52CF400C3AB7A /* UIView+Auxiliary.m */; };
		18C971BE1BE5319D00C3AB7A /* LoginVC.m in Sources */ = {isa = PBXBuildFile; fileRef = 18C971BD1BE5319D00C3AB7A /* LoginVC.m */; };
		18C971C11BE531B700C3AB7A /* PersonalVC.m in Sources */ = {isa = PBXBuildFile; fileRef = 18C971C01BE531B700C3AB7A /* PersonalVC.m */; };
		18C971C41BE531CD00C3AB7A /* FoundVC.m in Sources */ = {isa = PBXBuildFile; fileRef = 18C971C31BE531CD00C3AB7A /* FoundVC.m */; };
		3102F9E81C0041E000C04535 /* 调色板.png in Resources */ = {isa = PBXBuildFile; fileRef = 3102F9E71C0041E000C04535 /* 调色板.png */; };
		3102F9EB1C00446300C04535 /* CwlEncapsulation.m in Sources */ = {isa = PBXBuildFile; fileRef = 3102F9EA1C00446300C04535 /* CwlEncapsulation.m */; };
		3102FA331C00491B00C04535 /* 安防盾.png in Resources */ = {isa = PBXBuildFile; fileRef = 3102F9EC1C00491B00C04535 /* 安防盾.png */; };
		3102FA341C00491B00C04535 /* 白.png in Resources */ = {isa = PBXBuildFile; fileRef = 3102F9ED1C00491B00C04535 /* 白.png */; };
		3102FA351C00491B00C04535 /* 备注.png in Resources */ = {isa = PBXBuildFile; fileRef = 3102F9EE1C00491B00C04535 /* 备注.png */; };
		3102FA361C00491B00C04535 /* 插座.png in Resources */ = {isa = PBXBuildFile; fileRef = 3102F9EF1C00491B00C04535 /* 插座.png */; };
		3102FA371C00491B00C04535 /* 灯.png in Resources */ = {isa = PBXBuildFile; fileRef = 3102F9F01C00491B00C04535 /* 灯.png */; };
		3102FA381C00491B00C04535 /* 灯2.png in Resources */ = {isa = PBXBuildFile; fileRef = 3102F9F11C00491B00C04535 /* 灯2.png */; };
		3102FA391C00491B00C04535 /* 灯3.png in Resources */ = {isa = PBXBuildFile; fileRef = 3102F9F21C00491B00C04535 /* 灯3.png */; };
		3102FA3A1C00491B00C04535 /* 灯小图.png in Resources */ = {isa = PBXBuildFile; fileRef = 3102F9F31C00491B00C04535 /* 灯小图.png */; };
		3102FA3B1C00491B00C04535 /* 登录1.png in Resources */ = {isa = PBXBuildFile; fileRef = 3102F9F41C00491B00C04535 /* 登录1.png */; };
		3102FA3C1C00491B00C04535 /* 登录2.png in Resources */ = {isa = PBXBuildFile; fileRef = 3102F9F51C00491B00C04535 /* 登录2.png */; };
		3102FA3D1C00491B00C04535 /* 登录3.png in Resources */ = {isa = PBXBuildFile; fileRef = 3102F9F61C00491B00C04535 /* 登录3.png */; };
		3102FA3E1C00491B00C04535 /* 定时任务.png in Resources */ = {isa = PBXBuildFile; fileRef = 3102F9F71C00491B00C04535 /* 定时任务.png */; };
		3102FA3F1C00491B00C04535 /* 发现.png in Resources */ = {isa = PBXBuildFile; fileRef = 3102F9F81C00491B00C04535 /* 发现.png */; };
		3102FA401C00491B00C04535 /* 发现1.png in Resources */ = {isa = PBXBuildFile; fileRef = 3102F9F91C00491B00C04535 /* 发现1.png */; };
		3102FA411C00491B00C04535 /* 发现2.png in Resources */ = {isa = PBXBuildFile; fileRef = 3102F9FA1C00491B00C04535 /* 发现2.png */; };
		3102FA421C00491B00C04535 /* 返回.png in Resources */ = {isa = PBXBuildFile; fileRef = 3102F9FB1C00491B00C04535 /* 返回.png */; };
		3102FA431C00491B00C04535 /* 房门.png in Resources */ = {isa = PBXBuildFile; fileRef = 3102F9FC1C00491B00C04535 /* 房门.png */; };
		3102FA441C00491B00C04535 /* 红.png in Resources */ = {isa = PBXBuildFile; fileRef = 3102F9FD1C00491B00C04535 /* 红.png */; };
		3102FA451C00491B00C04535 /* 滑钮.png in Resources */ = {isa = PBXBuildFile; fileRef = 3102F9FE1C00491B00C04535 /* 滑钮.png */; };
		3102FA461C00491B00C04535 /* 滑钮2.png in Resources */ = {isa = PBXBuildFile; fileRef = 3102F9FF1C00491B00C04535 /* 滑钮2.png */; };
		3102FA471C00491B00C04535 /* 获取验证码.png in Resources */ = {isa = PBXBuildFile; fileRef = 3102FA001C00491B00C04535 /* 获取验证码.png */; };
		3102FA481C00491B00C04535 /* 渐变.png in Resources */ = {isa = PBXBuildFile; fileRef = 3102FA011C00491B00C04535 /* 渐变.png */; };
		3102FA491C00491B00C04535 /* 开关.png in Resources */ = {isa = PBXBuildFile; fileRef = 3102FA021C00491B00C04535 /* 开关.png */; };
		3102FA4A1C00491B00C04535 /* 开机页面.png in Resources */ = {isa = PBXBuildFile; fileRef = 3102FA031C00491B00C04535 /* 开机页面.png */; };
		3102FA4B1C00491B00C04535 /* 开启与关闭.png in Resources */ = {isa = PBXBuildFile; fileRef = 3102FA041C00491B00C04535 /* 开启与关闭.png */; };
		3102FA4C1C00491B00C04535 /* 蓝.png in Resources */ = {isa = PBXBuildFile; fileRef = 3102FA051C00491B00C04535 /* 蓝.png */; };
		3102FA4D1C00491B00C04535 /* 亮度.png in Resources */ = {isa = PBXBuildFile; fileRef = 3102FA061C00491B00C04535 /* 亮度.png */; };
		3102FA4E1C00491B00C04535 /* 绿.png in Resources */ = {isa = PBXBuildFile; fileRef = 3102FA071C00491B00C04535 /* 绿.png */; };
		3102FA4F1C00491B00C04535 /* 密码1.png in Resources */ = {isa = PBXBuildFile; fileRef = 3102FA081C00491B00C04535 /* 密码1.png */; };
		3102FA501C00491B00C04535 /* 昵称.png in Resources */ = {isa = PBXBuildFile; fileRef = 3102FA091C00491B00C04535 /* 昵称.png */; };
		3102FA511C00491B00C04535 /* 取消.png in Resources */ = {isa = PBXBuildFile; fileRef = 3102FA0A1C00491B00C04535 /* 取消.png */; };
		3102FA521C00491B00C04535 /* 确认.png in Resources */ = {isa = PBXBuildFile; fileRef = 3102FA0B1C00491B00C04535 /* 确认.png */; };
		3102FA531C00491B00C04535 /* 任性渐变.png in Resources */ = {isa = PBXBuildFile; fileRef = 3102FA0C1C00491B00C04535 /* 任性渐变.png */; };
		3102FA541C00491B00C04535 /* 任性闪耀.png in Resources */ = {isa = PBXBuildFile; fileRef = 3102FA0D1C00491B00C04535 /* 任性闪耀.png */; };
		3102FA551C00491B00C04535 /* 删除.png in Resources */ = {isa = PBXBuildFile; fileRef = 3102FA0E1C00491B00C04535 /* 删除.png */; };
		3102FA561C00491B00C04535 /* 删除2.png in Resources */ = {isa = PBXBuildFile; fileRef = 3102FA0F1C00491B00C04535 /* 删除2.png */; };
		3102FA571C00491B00C04535 /* 闪耀.png in Resources */ = {isa = PBXBuildFile; fileRef = 3102FA101C00491B00C04535 /* 闪耀.png */; };
		3102FA581C00491B00C04535 /* 设备.png in Resources */ = {isa = PBXBuildFile; fileRef = 3102FA111C00491B00C04535 /* 设备.png */; };
		3102FA591C00491B00C04535 /* 设备1.png in Resources */ = {isa = PBXBuildFile; fileRef = 3102FA121C00491B00C04535 /* 设备1.png */; };
		3102FA5A1C00491B00C04535 /* 设备2.png in Resources */ = {isa = PBXBuildFile; fileRef = 3102FA131C00491B00C04535 /* 设备2.png */; };
		3102FA5B1C00491B00C04535 /* 设备信息.png in Resources */ = {isa = PBXBuildFile; fileRef = 3102FA141C00491B00C04535 /* 设备信息.png */; };
		3102FA5C1C00491B00C04535 /* 设置密码.png in Resources */ = {isa = PBXBuildFile; fileRef = 3102FA151C00491B00C04535 /* 设置密码.png */; };
		3102FA5D1C00491B00C04535 /* 设置密码1.png in Resources */ = {isa = PBXBuildFile; fileRef = 3102FA161C00491B00C04535 /* 设置密码1.png */; };
		3102FA5E1C00491B00C04535 /* 手机号码1.png in Resources */ = {isa = PBXBuildFile; fileRef = 3102FA171C00491B00C04535 /* 手机号码1.png */; };
		3102FA5F1C00491B00C04535 /* 输入密码.png in Resources */ = {isa = PBXBuildFile; fileRef = 3102FA181C00491B00C04535 /* 输入密码.png */; };
		3102FA601C00491B00C04535 /* 速度.png in Resources */ = {isa = PBXBuildFile; fileRef = 3102FA191C00491B00C04535 /* 速度.png */; };
		3102FA611C00491B00C04535 /* 锁.png in Resources */ = {isa = PBXBuildFile; fileRef = 3102FA1A1C00491B00C04535 /* 锁.png */; };
		3102FA621C00491B00C04535 /* 锁2.png in Resources */ = {isa = PBXBuildFile; fileRef = 3102FA1B1C00491B00C04535 /* 锁2.png */; };
		3102FA631C00491B00C04535 /* 锁3.png in Resources */ = {isa = PBXBuildFile; fileRef = 3102FA1C1C00491B00C04535 /* 锁3.png */; };
		3102FA641C00491B00C04535 /* 添加按键1.png in Resources */ = {isa = PBXBuildFile; fileRef = 3102FA1D1C00491B00C04535 /* 添加按键1.png */; };
		3102FA651C00491B00C04535 /* 添加按键2.png in Resources */ = {isa = PBXBuildFile; fileRef = 3102FA1E1C00491B00C04535 /* 添加按键2.png */; };
		3102FA661C00491B00C04535 /* 添加延时.png in Resources */ = {isa = PBXBuildFile; fileRef = 3102FA1F1C00491B00C04535 /* 添加延时.png */; };
		3102FA671C00491B00C04535 /* 添加延时1.png in Resources */ = {isa = PBXBuildFile; fileRef = 3102FA201C00491B00C04535 /* 添加延时1.png */; };
		3102FA681C00491B00C04535 /* 忘记密码.png in Resources */ = {isa = PBXBuildFile; fileRef = 3102FA211C00491B00C04535 /* 忘记密码.png */; };
		3102FA691C00491B00C04535 /* 我.png in Resources */ = {isa = PBXBuildFile; fileRef = 3102FA221C00491B00C04535 /* 我.png */; };
		3102FA6A1C00491B00C04535 /* 我1.png in Resources */ = {isa = PBXBuildFile; fileRef = 3102FA231C00491B00C04535 /* 我1.png */; };
		3102FA6B1C00491B00C04535 /* 我2.png in Resources */ = {isa = PBXBuildFile; fileRef = 3102FA241C00491B00C04535 /* 我2.png */; };
		3102FA6C1C00491B00C04535 /* 下一步.png in Resources */ = {isa = PBXBuildFile; fileRef = 3102FA251C00491B00C04535 /* 下一步.png */; };
		3102FA6D1C00491B00C04535 /* 修改名称.png in Resources */ = {isa = PBXBuildFile; fileRef = 3102FA261C00491B00C04535 /* 修改名称.png */; };
		3102FA6E1C00491B00C04535 /* 延时任务.png in Resources */ = {isa = PBXBuildFile; fileRef = 3102FA271C00491B00C04535 /* 延时任务.png */; };
		3102FA6F1C00491B00C04535 /* 移动.png in Resources */ = {isa = PBXBuildFile; fileRef = 3102FA281C00491B00C04535 /* 移动.png */; };
		3102FA701C00491B00C04535 /* 用户列表.png in Resources */ = {isa = PBXBuildFile; fileRef = 3102FA291C00491B00C04535 /* 用户列表.png */; };
		3102FA711C00491B00C04535 /* 用户名1.png in Resources */ = {isa = PBXBuildFile; fileRef = 3102FA2A1C00491B00C04535 /* 用户名1.png */; };
		3102FA721C00491B00C04535 /* 右列表.png in Resources */ = {isa = PBXBuildFile; fileRef = 3102FA2B1C00491B00C04535 /* 右列表.png */; };
		3102FA731C00491B00C04535 /* 再输入密码.png in Resources */ = {isa = PBXBuildFile; fileRef = 3102FA2C1C00491B00C04535 /* 再输入密码.png */; };
		3102FA741C00491B00C04535 /* 智能灯1.png in Resources */ = {isa = PBXBuildFile; fileRef = 3102FA2D1C00491B00C04535 /* 智能灯1.png */; };
		3102FA751C00491B00C04535 /* 智能灯2.png in Resources */ = {isa = PBXBuildFile; fileRef = 3102FA2E1C00491B00C04535 /* 智能灯2.png */; };
		3102FA761C00491B00C04535 /* 智能灯3.png in Resources */ = {isa = PBXBuildFile; fileRef = 3102FA2F1C00491B00C04535 /* 智能灯3.png */; };
		3102FA771C00491B00C04535 /* 注册.png in Resources */ = {isa = PBXBuildFile; fileRef = 3102FA301C00491B00C04535 /* 注册.png */; };
		3102FA781C00491B00C04535 /* 注册完成.png in Resources */ = {isa = PBXBuildFile; fileRef = 3102FA311C00491B00C04535 /* 注册完成.png */; };
		3102FA791C00491B00C04535 /* WuJ.png in Resources */ = {isa = PBXBuildFile; fileRef = 3102FA321C00491B00C04535 /* WuJ.png */; };
		3102FA7F1C004E5300C04535 /* PeripheralDevicesCell.m in Sources */ = {isa = PBXBuildFile; fileRef = 3102FA7E1C004E5300C04535 /* PeripheralDevicesCell.m */; };
		3102FA851C00545200C04535 /* DataObject.m in Sources */ = {isa = PBXBuildFile; fileRef = 3102FA821C00545200C04535 /* DataObject.m */; };
		3102FA861C00545200C04535 /* UARTPeripheral.m in Sources */ = {isa = PBXBuildFile; fileRef = 3102FA841C00545200C04535 /* UARTPeripheral.m */; };
		3102FA881C0054AE00C04535 /* CoreBluetooth.framework in Frameworks */ = {isa = PBXBuildFile; fileRef = 3102FA871C0054AE00C04535 /* CoreBluetooth.framework */; };
		3102FA8A1C0054B600C04535 /* UIKit.framework in Frameworks */ = {isa = PBXBuildFile; fileRef = 3102FA891C0054B600C04535 /* UIKit.framework */; };
		3102FA8C1C0054C200C04535 /* CoreGraphics.framework in Frameworks */ = {isa = PBXBuildFile; fileRef = 3102FA8B1C0054C200C04535 /* CoreGraphics.framework */; };
		31180F861C133DD600FA6934 /* IQKeyBoardManager.m in Sources */ = {isa = PBXBuildFile; fileRef = 31180F831C133DD600FA6934 /* IQKeyBoardManager.m */; };
		31180F871C133DD600FA6934 /* IQSegmentedNextPrevious.m in Sources */ = {isa = PBXBuildFile; fileRef = 31180F851C133DD600FA6934 /* IQSegmentedNextPrevious.m */; };
		319BB8A61C0B4A12001ED00A /* barbuttonicon_delete.png in Resources */ = {isa = PBXBuildFile; fileRef = 319BB8A31C0B4A12001ED00A /* barbuttonicon_delete.png */; };
		319BB8A71C0B4A12001ED00A /* barbuttonicon_delete@2x.png in Resources */ = {isa = PBXBuildFile; fileRef = 319BB8A41C0B4A12001ED00A /* barbuttonicon_delete@2x.png */; };
		319BB8A81C0B4A12001ED00A /* barbuttonicon_delete@3x.png in Resources */ = {isa = PBXBuildFile; fileRef = 319BB8A51C0B4A12001ED00A /* barbuttonicon_delete@3x.png */; };
		319BB8B11C0B4B6F001ED00A /* EmoticonCloseButton@2x.png in Resources */ = {isa = PBXBuildFile; fileRef = 319BB8AF1C0B4B6F001ED00A /* EmoticonCloseButton@2x.png */; };
		319BB8B21C0B4B6F001ED00A /* EmoticonCloseButton@3x.png in Resources */ = {isa = PBXBuildFile; fileRef = 319BB8B01C0B4B6F001ED00A /* EmoticonCloseButton@3x.png */; };
		319DA1881C09998F00EC2482 /* icon_back.png in Resources */ = {isa = PBXBuildFile; fileRef = 319DA1851C09998F00EC2482 /* icon_back.png */; };
		319DA1891C09998F00EC2482 /* icon_back@2x.png in Resources */ = {isa = PBXBuildFile; fileRef = 319DA1861C09998F00EC2482 /* icon_back@2x.png */; };
		319DA18A1C09998F00EC2482 /* icon_back@3x.png in Resources */ = {isa = PBXBuildFile; fileRef = 319DA1871C09998F00EC2482 /* icon_back@3x.png */; };
		319DA18C1C099C0600EC2482 /* barbuttonicon_add@2x.png in Resources */ = {isa = PBXBuildFile; fileRef = 319DA18B1C099C0600EC2482 /* barbuttonicon_add@2x.png */; };
		319DA18F1C099C6D00EC2482 /* barbuttonicon_add.png in Resources */ = {isa = PBXBuildFile; fileRef = 319DA18D1C099C6D00EC2482 /* barbuttonicon_add.png */; };
		319DA1901C099C6D00EC2482 /* barbuttonicon_add@3x.png in Resources */ = {isa = PBXBuildFile; fileRef = 319DA18E1C099C6D00EC2482 /* barbuttonicon_add@3x.png */; };
		319DA1931C099CB200EC2482 /* barbuttonicon_back@2x.png in Resources */ = {isa = PBXBuildFile; fileRef = 319DA1911C099CB200EC2482 /* barbuttonicon_back@2x.png */; };
		319DA1941C099CB200EC2482 /* barbuttonicon_back@3x.png in Resources */ = {isa = PBXBuildFile; fileRef = 319DA1921C099CB200EC2482 /* barbuttonicon_back@3x.png */; };
		319DA1981C099E7800EC2482 /* barbuttonicon_set.png in Resources */ = {isa = PBXBuildFile; fileRef = 319DA1951C099E7800EC2482 /* barbuttonicon_set.png */; };
		319DA1991C099E7800EC2482 /* barbuttonicon_set@2x.png in Resources */ = {isa = PBXBuildFile; fileRef = 319DA1961C099E7800EC2482 /* barbuttonicon_set@2x.png */; };
		319DA19A1C099E7800EC2482 /* barbuttonicon_set@3x.png in Resources */ = {isa = PBXBuildFile; fileRef = 319DA1971C099E7800EC2482 /* barbuttonicon_set@3x.png */; };
		31E79C1B1C0F1E6F00CAF416 /* TimerAddVC.m in Sources */ = {isa = PBXBuildFile; fileRef = 31E79C1A1C0F1E6F00CAF416 /* TimerAddVC.m */; };
		31E79C1E1C0F221F00CAF416 /* ModifyNameVC.m in Sources */ = {isa = PBXBuildFile; fileRef = 31E79C1D1C0F221F00CAF416 /* ModifyNameVC.m */; };
		31E79C211C0F222700CAF416 /* PeripheralDevicesVC.m in Sources */ = {isa = PBXBuildFile; fileRef = 31E79C201C0F222700CAF416 /* PeripheralDevicesVC.m */; };
		31E79C241C0F2D4400CAF416 /* GameLibrary_arrDown@2x.png in Resources */ = {isa = PBXBuildFile; fileRef = 31E79C221C0F2D4400CAF416 /* GameLibrary_arrDown@2x.png */; };
		31E79C251C0F2D4400CAF416 /* GameLibrary_arrUp@2x.png in Resources */ = {isa = PBXBuildFile; fileRef = 31E79C231C0F2D4400CAF416 /* GameLibrary_arrUp@2x.png */; };
		31E79C281C0F39D300CAF416 /* DelayTaskData.m in Sources */ = {isa = PBXBuildFile; fileRef = 31E79C271C0F39D300CAF416 /* DelayTaskData.m */; };
		31F522061C0DF8700058C9D9 /* HomeVc.m in Sources */ = {isa = PBXBuildFile; fileRef = 31F521FE1C0DF8700058C9D9 /* HomeVc.m */; };
		31F522081C0DF8700058C9D9 /* OperationVC.m in Sources */ = {isa = PBXBuildFile; fileRef = 31F522031C0DF8700058C9D9 /* OperationVC.m */; };
		31F5220C1C0DF8BE0058C9D9 /* DelayListVC.m in Sources */ = {isa = PBXBuildFile; fileRef = 31F5220B1C0DF8BE0058C9D9 /* DelayListVC.m */; };
		31F5220F1C0DFCD90058C9D9 /* DelayListCell.m in Sources */ = {isa = PBXBuildFile; fileRef = 31F5220E1C0DFCD90058C9D9 /* DelayListCell.m */; };
/* End PBXBuildFile section */

/* Begin PBXContainerItemProxy section */
		18C971071BE52B5C00C3AB7A /* PBXContainerItemProxy */ = {
			isa = PBXContainerItemProxy;
			containerPortal = 18C970E51BE52B5C00C3AB7A /* Project object */;
			proxyType = 1;
			remoteGlobalIDString = 18C970EC1BE52B5C00C3AB7A;
			remoteInfo = lampApp;
		};
		18C971121BE52B5C00C3AB7A /* PBXContainerItemProxy */ = {
			isa = PBXContainerItemProxy;
			containerPortal = 18C970E51BE52B5C00C3AB7A /* Project object */;
			proxyType = 1;
			remoteGlobalIDString = 18C970EC1BE52B5C00C3AB7A;
			remoteInfo = lampApp;
		};
/* End PBXContainerItemProxy section */

/* Begin PBXFileReference section */
		062F1D041C02EA9600D37589 /* CWLAlert.h */ = {isa = PBXFileReference; fileEncoding = 4; lastKnownFileType = sourcecode.c.h; path = CWLAlert.h; sourceTree = "<group>"; };
		062F1D051C02EA9600D37589 /* CWLAlert.m */ = {isa = PBXFileReference; fileEncoding = 4; lastKnownFileType = sourcecode.c.objc; path = CWLAlert.m; sourceTree = "<group>"; };
		062F1D081C02EB0E00D37589 /* MBProgressHUD.h */ = {isa = PBXFileReference; fileEncoding = 4; lastKnownFileType = sourcecode.c.h; path = MBProgressHUD.h; sourceTree = "<group>"; };
		062F1D091C02EB0E00D37589 /* MBProgressHUD.m */ = {isa = PBXFileReference; fileEncoding = 4; lastKnownFileType = sourcecode.c.objc; path = MBProgressHUD.m; sourceTree = "<group>"; };
		062F1D0E1C02FEAF00D37589 /* EquipmentCell.h */ = {isa = PBXFileReference; fileEncoding = 4; lastKnownFileType = sourcecode.c.h; path = EquipmentCell.h; sourceTree = "<group>"; };
		062F1D0F1C02FEAF00D37589 /* EquipmentCell.m */ = {isa = PBXFileReference; fileEncoding = 4; lastKnownFileType = sourcecode.c.objc; path = EquipmentCell.m; sourceTree = "<group>"; };
		062F1D111C0309E500D37589 /* DataStorage.h */ = {isa = PBXFileReference; fileEncoding = 4; lastKnownFileType = sourcecode.c.h; path = DataStorage.h; sourceTree = "<group>"; };
		062F1D121C0309E500D37589 /* DataStorage.m */ = {isa = PBXFileReference; fileEncoding = 4; lastKnownFileType = sourcecode.c.objc; path = DataStorage.m; sourceTree = "<group>"; };
		065990001C89652700AF4CB0 /* SlidingView.h */ = {isa = PBXFileReference; fileEncoding = 4; lastKnownFileType = sourcecode.c.h; path = SlidingView.h; sourceTree = "<group>"; };
		065990011C89652700AF4CB0 /* SlidingView.m */ = {isa = PBXFileReference; fileEncoding = 4; lastKnownFileType = sourcecode.c.objc; path = SlidingView.m; sourceTree = "<group>"; };
		065990041C89676900AF4CB0 /* 中间按钮1.png */ = {isa = PBXFileReference; lastKnownFileType = image.png; path = "中间按钮1.png"; sourceTree = "<group>"; };
		065990051C89676900AF4CB0 /* 中间按钮2.png */ = {isa = PBXFileReference; lastKnownFileType = image.png; path = "中间按钮2.png"; sourceTree = "<group>"; };
		065990061C89676900AF4CB0 /* 大按钮状态白.png */ = {isa = PBXFileReference; lastKnownFileType = image.png; path = "大按钮状态白.png"; sourceTree = "<group>"; };
		065990071C89676900AF4CB0 /* 大按钮状态红.png */ = {isa = PBXFileReference; lastKnownFileType = image.png; path = "大按钮状态红.png"; sourceTree = "<group>"; };
		065990081C89676900AF4CB0 /* 大按钮状态绿.png */ = {isa = PBXFileReference; lastKnownFileType = image.png; path = "大按钮状态绿.png"; sourceTree = "<group>"; };
		065990091C89676900AF4CB0 /* 大按钮状态蓝.png */ = {isa = PBXFileReference; lastKnownFileType = image.png; path = "大按钮状态蓝.png"; sourceTree = "<group>"; };
		0659900A1C89676900AF4CB0 /* 小按钮状态2.png */ = {isa = PBXFileReference; lastKnownFileType = image.png; path = "小按钮状态2.png"; sourceTree = "<group>"; };
		0659900B1C89676900AF4CB0 /* 未标题-1.png */ = {isa = PBXFileReference; lastKnownFileType = image.png; path = "未标题-1.png"; sourceTree = "<group>"; };
		0659900C1C89676900AF4CB0 /* 色饼.png */ = {isa = PBXFileReference; lastKnownFileType = image.png; path = "色饼.png"; sourceTree = "<group>"; };
		0659900D1C89676900AF4CB0 /* 设计图_03.png */ = {isa = PBXFileReference; lastKnownFileType = image.png; path = "设计图_03.png"; sourceTree = "<group>"; };
		0659900E1C89676900AF4CB0 /* 设计图_05.png */ = {isa = PBXFileReference; lastKnownFileType = image.png; path = "设计图_05.png"; sourceTree = "<group>"; };
		0659900F1C89676900AF4CB0 /* 设计图_10.png */ = {isa = PBXFileReference; lastKnownFileType = image.png; path = "设计图_10.png"; sourceTree = "<group>"; };
		065990101C89676900AF4CB0 /* 设计图_17.png */ = {isa = PBXFileReference; lastKnownFileType = image.png; path = "设计图_17.png"; sourceTree = "<group>"; };
		065990111C89676900AF4CB0 /* 设计图_30.png */ = {isa = PBXFileReference; lastKnownFileType = image.png; path = "设计图_30.png"; sourceTree = "<group>"; };
		065990121C89676900AF4CB0 /* 设计图_34.png */ = {isa = PBXFileReference; lastKnownFileType = image.png; path = "设计图_34.png"; sourceTree = "<group>"; };
		065990131C89676900AF4CB0 /* 设计图_37.jpg */ = {isa = PBXFileReference; lastKnownFileType = image.jpeg; path = "设计图_37.jpg"; sourceTree = "<group>"; };
		065990141C89676900AF4CB0 /* 设计图_37.png */ = {isa = PBXFileReference; lastKnownFileType = image.png; path = "设计图_37.png"; sourceTree = "<group>"; };
		065990261C89786100AF4CB0 /* 底部1.png */ = {isa = PBXFileReference; lastKnownFileType = image.png; path = "底部1.png"; sourceTree = "<group>"; };
		065990271C89786100AF4CB0 /* 底部2.png */ = {isa = PBXFileReference; lastKnownFileType = image.png; path = "底部2.png"; sourceTree = "<group>"; };
		189A382E1BE64E30006EFD78 /* RegisteredVC.h */ = {isa = PBXFileReference; fileEncoding = 4; lastKnownFileType = sourcecode.c.h; path = RegisteredVC.h; sourceTree = "<group>"; };
		189A382F1BE64E30006EFD78 /* RegisteredVC.m */ = {isa = PBXFileReference; fileEncoding = 4; lastKnownFileType = sourcecode.c.objc; path = RegisteredVC.m; sourceTree = "<group>"; };
		189A38311BE65520006EFD78 /* RegistereConfirmVC.h */ = {isa = PBXFileReference; fileEncoding = 4; lastKnownFileType = sourcecode.c.h; path = RegistereConfirmVC.h; sourceTree = "<group>"; };
		189A38321BE65520006EFD78 /* RegistereConfirmVC.m */ = {isa = PBXFileReference; fileEncoding = 4; lastKnownFileType = sourcecode.c.objc; path = RegistereConfirmVC.m; sourceTree = "<group>"; };
		18C970ED1BE52B5C00C3AB7A /* lampApp.app */ = {isa = PBXFileReference; explicitFileType = wrapper.application; includeInIndex = 0; path = lampApp.app; sourceTree = BUILT_PRODUCTS_DIR; };
		18C970F11BE52B5C00C3AB7A /* main.m */ = {isa = PBXFileReference; lastKnownFileType = sourcecode.c.objc; path = main.m; sourceTree = "<group>"; };
		18C970FA1BE52B5C00C3AB7A /* Base */ = {isa = PBXFileReference; lastKnownFileType = file.storyboard; name = Base; path = Base.lproj/Main.storyboard; sourceTree = "<group>"; };
		18C970FC1BE52B5C00C3AB7A /* Assets.xcassets */ = {isa = PBXFileReference; lastKnownFileType = folder.assetcatalog; path = Assets.xcassets; sourceTree = "<group>"; };
		18C970FF1BE52B5C00C3AB7A /* Base */ = {isa = PBXFileReference; lastKnownFileType = file.storyboard; name = Base; path = Base.lproj/LaunchScreen.storyboard; sourceTree = "<group>"; };
		18C971011BE52B5C00C3AB7A /* Info.plist */ = {isa = PBXFileReference; lastKnownFileType = text.plist.xml; path = Info.plist; sourceTree = "<group>"; };
		18C971061BE52B5C00C3AB7A /* lampAppTests.xctest */ = {isa = PBXFileReference; explicitFileType = wrapper.cfbundle; includeInIndex = 0; path = lampAppTests.xctest; sourceTree = BUILT_PRODUCTS_DIR; };
		18C9710A1BE52B5C00C3AB7A /* lampAppTests.m */ = {isa = PBXFileReference; lastKnownFileType = sourcecode.c.objc; path = lampAppTests.m; sourceTree = "<group>"; };
		18C9710C1BE52B5C00C3AB7A /* Info.plist */ = {isa = PBXFileReference; lastKnownFileType = text.plist.xml; path = Info.plist; sourceTree = "<group>"; };
		18C971111BE52B5C00C3AB7A /* lampAppUITests.xctest */ = {isa = PBXFileReference; explicitFileType = wrapper.cfbundle; includeInIndex = 0; path = lampAppUITests.xctest; sourceTree = BUILT_PRODUCTS_DIR; };
		18C971151BE52B5C00C3AB7A /* lampAppUITests.m */ = {isa = PBXFileReference; lastKnownFileType = sourcecode.c.objc; path = lampAppUITests.m; sourceTree = "<group>"; };
		18C971171BE52B5C00C3AB7A /* Info.plist */ = {isa = PBXFileReference; lastKnownFileType = text.plist.xml; path = Info.plist; sourceTree = "<group>"; };
		18C971271BE52CF400C3AB7A /* AppDelegate.h */ = {isa = PBXFileReference; fileEncoding = 4; lastKnownFileType = sourcecode.c.h; path = AppDelegate.h; sourceTree = "<group>"; };
		18C971281BE52CF400C3AB7A /* AppDelegate.m */ = {isa = PBXFileReference; fileEncoding = 4; lastKnownFileType = sourcecode.c.objc; path = AppDelegate.m; sourceTree = "<group>"; };
		18C971291BE52CF400C3AB7A /* HomeTabBarVC.h */ = {isa = PBXFileReference; fileEncoding = 4; lastKnownFileType = sourcecode.c.h; path = HomeTabBarVC.h; sourceTree = "<group>"; };
		18C9712A1BE52CF400C3AB7A /* HomeTabBarVC.m */ = {isa = PBXFileReference; fileEncoding = 4; lastKnownFileType = sourcecode.c.objc; path = HomeTabBarVC.m; sourceTree = "<group>"; };
		18C9712B1BE52CF400C3AB7A /* UIViewController+Transit.h */ = {isa = PBXFileReference; fileEncoding = 4; lastKnownFileType = sourcecode.c.h; path = "UIViewController+Transit.h"; sourceTree = "<group>"; };
		18C9712C1BE52CF400C3AB7A /* UIViewController+Transit.m */ = {isa = PBXFileReference; fileEncoding = 4; lastKnownFileType = sourcecode.c.objc; path = "UIViewController+Transit.m"; sourceTree = "<group>"; };
		18C9712D1BE52CF400C3AB7A /* ViewController.h */ = {isa = PBXFileReference; fileEncoding = 4; lastKnownFileType = sourcecode.c.h; path = ViewController.h; sourceTree = "<group>"; };
		18C9712E1BE52CF400C3AB7A /* ViewController.m */ = {isa = PBXFileReference; fileEncoding = 4; lastKnownFileType = sourcecode.c.objc; path = ViewController.m; sourceTree = "<group>"; };
		18C971831BE52CF400C3AB7A /* PrefixHeader.pch */ = {isa = PBXFileReference; fileEncoding = 4; lastKnownFileType = sourcecode.c.h; path = PrefixHeader.pch; sourceTree = "<group>"; };
		18C971851BE52CF400C3AB7A /* CHeader.h */ = {isa = PBXFileReference; fileEncoding = 4; lastKnownFileType = sourcecode.c.h; path = CHeader.h; sourceTree = "<group>"; };
		18C971861BE52CF400C3AB7A /* ControlsToCreate.h */ = {isa = PBXFileReference; fileEncoding = 4; lastKnownFileType = sourcecode.c.h; path = ControlsToCreate.h; sourceTree = "<group>"; };
		18C971871BE52CF400C3AB7A /* ControlsToCreate.m */ = {isa = PBXFileReference; fileEncoding = 4; lastKnownFileType = sourcecode.c.objc; path = ControlsToCreate.m; sourceTree = "<group>"; };
		18C971881BE52CF400C3AB7A /* CWLtool.h */ = {isa = PBXFileReference; fileEncoding = 4; lastKnownFileType = sourcecode.c.h; path = CWLtool.h; sourceTree = "<group>"; };
		18C971891BE52CF400C3AB7A /* CWLtool.m */ = {isa = PBXFileReference; fileEncoding = 4; lastKnownFileType = sourcecode.c.objc; path = CWLtool.m; sourceTree = "<group>"; };
		18C9718A1BE52CF400C3AB7A /* UIView+Auxiliary.h */ = {isa = PBXFileReference; fileEncoding = 4; lastKnownFileType = sourcecode.c.h; path = "UIView+Auxiliary.h"; sourceTree = "<group>"; };
		18C9718B1BE52CF400C3AB7A /* UIView+Auxiliary.m */ = {isa = PBXFileReference; fileEncoding = 4; lastKnownFileType = sourcecode.c.objc; path = "UIView+Auxiliary.m"; sourceTree = "<group>"; };
		18C971BC1BE5319D00C3AB7A /* LoginVC.h */ = {isa = PBXFileReference; fileEncoding = 4; lastKnownFileType = sourcecode.c.h; path = LoginVC.h; sourceTree = "<group>"; };
		18C971BD1BE5319D00C3AB7A /* LoginVC.m */ = {isa = PBXFileReference; fileEncoding = 4; lastKnownFileType = sourcecode.c.objc; path = LoginVC.m; sourceTree = "<group>"; };
		18C971BF1BE531B700C3AB7A /* PersonalVC.h */ = {isa = PBXFileReference; fileEncoding = 4; lastKnownFileType = sourcecode.c.h; path = PersonalVC.h; sourceTree = "<group>"; };
		18C971C01BE531B700C3AB7A /* PersonalVC.m */ = {isa = PBXFileReference; fileEncoding = 4; lastKnownFileType = sourcecode.c.objc; path = PersonalVC.m; sourceTree = "<group>"; };
		18C971C21BE531CD00C3AB7A /* FoundVC.h */ = {isa = PBXFileReference; fileEncoding = 4; lastKnownFileType = sourcecode.c.h; path = FoundVC.h; sourceTree = "<group>"; };
		18C971C31BE531CD00C3AB7A /* FoundVC.m */ = {isa = PBXFileReference; fileEncoding = 4; lastKnownFileType = sourcecode.c.objc; path = FoundVC.m; sourceTree = "<group>"; };
		3102F9E71C0041E000C04535 /* 调色板.png */ = {isa = PBXFileReference; lastKnownFileType = image.png; path = "调色板.png"; sourceTree = "<group>"; };
		3102F9E91C00446300C04535 /* CwlEncapsulation.h */ = {isa = PBXFileReference; fileEncoding = 4; lastKnownFileType = sourcecode.c.h; path = CwlEncapsulation.h; sourceTree = "<group>"; };
		3102F9EA1C00446300C04535 /* CwlEncapsulation.m */ = {isa = PBXFileReference; fileEncoding = 4; lastKnownFileType = sourcecode.c.objc; path = CwlEncapsulation.m; sourceTree = "<group>"; };
		3102F9EC1C00491B00C04535 /* 安防盾.png */ = {isa = PBXFileReference; lastKnownFileType = image.png; path = "安防盾.png"; sourceTree = "<group>"; };
		3102F9ED1C00491B00C04535 /* 白.png */ = {isa = PBXFileReference; lastKnownFileType = image.png; path = "白.png"; sourceTree = "<group>"; };
		3102F9EE1C00491B00C04535 /* 备注.png */ = {isa = PBXFileReference; lastKnownFileType = image.png; path = "备注.png"; sourceTree = "<group>"; };
		3102F9EF1C00491B00C04535 /* 插座.png */ = {isa = PBXFileReference; lastKnownFileType = image.png; path = "插座.png"; sourceTree = "<group>"; };
		3102F9F01C00491B00C04535 /* 灯.png */ = {isa = PBXFileReference; lastKnownFileType = image.png; path = "灯.png"; sourceTree = "<group>"; };
		3102F9F11C00491B00C04535 /* 灯2.png */ = {isa = PBXFileReference; lastKnownFileType = image.png; path = "灯2.png"; sourceTree = "<group>"; };
		3102F9F21C00491B00C04535 /* 灯3.png */ = {isa = PBXFileReference; lastKnownFileType = image.png; path = "灯3.png"; sourceTree = "<group>"; };
		3102F9F31C00491B00C04535 /* 灯小图.png */ = {isa = PBXFileReference; lastKnownFileType = image.png; path = "灯小图.png"; sourceTree = "<group>"; };
		3102F9F41C00491B00C04535 /* 登录1.png */ = {isa = PBXFileReference; lastKnownFileType = image.png; path = "登录1.png"; sourceTree = "<group>"; };
		3102F9F51C00491B00C04535 /* 登录2.png */ = {isa = PBXFileReference; lastKnownFileType = image.png; path = "登录2.png"; sourceTree = "<group>"; };
		3102F9F61C00491B00C04535 /* 登录3.png */ = {isa = PBXFileReference; lastKnownFileType = image.png; path = "登录3.png"; sourceTree = "<group>"; };
		3102F9F71C00491B00C04535 /* 定时任务.png */ = {isa = PBXFileReference; lastKnownFileType = image.png; path = "定时任务.png"; sourceTree = "<group>"; };
		3102F9F81C00491B00C04535 /* 发现.png */ = {isa = PBXFileReference; lastKnownFileType = image.png; path = "发现.png"; sourceTree = "<group>"; };
		3102F9F91C00491B00C04535 /* 发现1.png */ = {isa = PBXFileReference; lastKnownFileType = image.png; path = "发现1.png"; sourceTree = "<group>"; };
		3102F9FA1C00491B00C04535 /* 发现2.png */ = {isa = PBXFileReference; lastKnownFileType = image.png; path = "发现2.png"; sourceTree = "<group>"; };
		3102F9FB1C00491B00C04535 /* 返回.png */ = {isa = PBXFileReference; lastKnownFileType = image.png; path = "返回.png"; sourceTree = "<group>"; };
		3102F9FC1C00491B00C04535 /* 房门.png */ = {isa = PBXFileReference; lastKnownFileType = image.png; path = "房门.png"; sourceTree = "<group>"; };
		3102F9FD1C00491B00C04535 /* 红.png */ = {isa = PBXFileReference; lastKnownFileType = image.png; path = "红.png"; sourceTree = "<group>"; };
		3102F9FE1C00491B00C04535 /* 滑钮.png */ = {isa = PBXFileReference; lastKnownFileType = image.png; path = "滑钮.png"; sourceTree = "<group>"; };
		3102F9FF1C00491B00C04535 /* 滑钮2.png */ = {isa = PBXFileReference; lastKnownFileType = image.png; path = "滑钮2.png"; sourceTree = "<group>"; };
		3102FA001C00491B00C04535 /* 获取验证码.png */ = {isa = PBXFileReference; lastKnownFileType = image.png; path = "获取验证码.png"; sourceTree = "<group>"; };
		3102FA011C00491B00C04535 /* 渐变.png */ = {isa = PBXFileReference; lastKnownFileType = image.png; path = "渐变.png"; sourceTree = "<group>"; };
		3102FA021C00491B00C04535 /* 开关.png */ = {isa = PBXFileReference; lastKnownFileType = image.png; path = "开关.png"; sourceTree = "<group>"; };
		3102FA031C00491B00C04535 /* 开机页面.png */ = {isa = PBXFileReference; lastKnownFileType = image.png; path = "开机页面.png"; sourceTree = "<group>"; };
		3102FA041C00491B00C04535 /* 开启与关闭.png */ = {isa = PBXFileReference; lastKnownFileType = image.png; path = "开启与关闭.png"; sourceTree = "<group>"; };
		3102FA051C00491B00C04535 /* 蓝.png */ = {isa = PBXFileReference; lastKnownFileType = image.png; path = "蓝.png"; sourceTree = "<group>"; };
		3102FA061C00491B00C04535 /* 亮度.png */ = {isa = PBXFileReference; lastKnownFileType = image.png; path = "亮度.png"; sourceTree = "<group>"; };
		3102FA071C00491B00C04535 /* 绿.png */ = {isa = PBXFileReference; lastKnownFileType = image.png; path = "绿.png"; sourceTree = "<group>"; };
		3102FA081C00491B00C04535 /* 密码1.png */ = {isa = PBXFileReference; lastKnownFileType = image.png; path = "密码1.png"; sourceTree = "<group>"; };
		3102FA091C00491B00C04535 /* 昵称.png */ = {isa = PBXFileReference; lastKnownFileType = image.png; path = "昵称.png"; sourceTree = "<group>"; };
		3102FA0A1C00491B00C04535 /* 取消.png */ = {isa = PBXFileReference; lastKnownFileType = image.png; path = "取消.png"; sourceTree = "<group>"; };
		3102FA0B1C00491B00C04535 /* 确认.png */ = {isa = PBXFileReference; lastKnownFileType = image.png; path = "确认.png"; sourceTree = "<group>"; };
		3102FA0C1C00491B00C04535 /* 任性渐变.png */ = {isa = PBXFileReference; lastKnownFileType = image.png; path = "任性渐变.png"; sourceTree = "<group>"; };
		3102FA0D1C00491B00C04535 /* 任性闪耀.png */ = {isa = PBXFileReference; lastKnownFileType = image.png; path = "任性闪耀.png"; sourceTree = "<group>"; };
		3102FA0E1C00491B00C04535 /* 删除.png */ = {isa = PBXFileReference; lastKnownFileType = image.png; path = "删除.png"; sourceTree = "<group>"; };
		3102FA0F1C00491B00C04535 /* 删除2.png */ = {isa = PBXFileReference; lastKnownFileType = image.png; path = "删除2.png"; sourceTree = "<group>"; };
		3102FA101C00491B00C04535 /* 闪耀.png */ = {isa = PBXFileReference; lastKnownFileType = image.png; path = "闪耀.png"; sourceTree = "<group>"; };
		3102FA111C00491B00C04535 /* 设备.png */ = {isa = PBXFileReference; lastKnownFileType = image.png; path = "设备.png"; sourceTree = "<group>"; };
		3102FA121C00491B00C04535 /* 设备1.png */ = {isa = PBXFileReference; lastKnownFileType = image.png; path = "设备1.png"; sourceTree = "<group>"; };
		3102FA131C00491B00C04535 /* 设备2.png */ = {isa = PBXFileReference; lastKnownFileType = image.png; path = "设备2.png"; sourceTree = "<group>"; };
		3102FA141C00491B00C04535 /* 设备信息.png */ = {isa = PBXFileReference; lastKnownFileType = image.png; path = "设备信息.png"; sourceTree = "<group>"; };
		3102FA151C00491B00C04535 /* 设置密码.png */ = {isa = PBXFileReference; lastKnownFileType = image.png; path = "设置密码.png"; sourceTree = "<group>"; };
		3102FA161C00491B00C04535 /* 设置密码1.png */ = {isa = PBXFileReference; lastKnownFileType = image.png; path = "设置密码1.png"; sourceTree = "<group>"; };
		3102FA171C00491B00C04535 /* 手机号码1.png */ = {isa = PBXFileReference; lastKnownFileType = image.png; path = "手机号码1.png"; sourceTree = "<group>"; };
		3102FA181C00491B00C04535 /* 输入密码.png */ = {isa = PBXFileReference; lastKnownFileType = image.png; path = "输入密码.png"; sourceTree = "<group>"; };
		3102FA191C00491B00C04535 /* 速度.png */ = {isa = PBXFileReference; lastKnownFileType = image.png; path = "速度.png"; sourceTree = "<group>"; };
		3102FA1A1C00491B00C04535 /* 锁.png */ = {isa = PBXFileReference; lastKnownFileType = image.png; path = "锁.png"; sourceTree = "<group>"; };
		3102FA1B1C00491B00C04535 /* 锁2.png */ = {isa = PBXFileReference; lastKnownFileType = image.png; path = "锁2.png"; sourceTree = "<group>"; };
		3102FA1C1C00491B00C04535 /* 锁3.png */ = {isa = PBXFileReference; lastKnownFileType = image.png; path = "锁3.png"; sourceTree = "<group>"; };
		3102FA1D1C00491B00C04535 /* 添加按键1.png */ = {isa = PBXFileReference; lastKnownFileType = image.png; path = "添加按键1.png"; sourceTree = "<group>"; };
		3102FA1E1C00491B00C04535 /* 添加按键2.png */ = {isa = PBXFileReference; lastKnownFileType = image.png; path = "添加按键2.png"; sourceTree = "<group>"; };
		3102FA1F1C00491B00C04535 /* 添加延时.png */ = {isa = PBXFileReference; lastKnownFileType = image.png; path = "添加延时.png"; sourceTree = "<group>"; };
		3102FA201C00491B00C04535 /* 添加延时1.png */ = {isa = PBXFileReference; lastKnownFileType = image.png; path = "添加延时1.png"; sourceTree = "<group>"; };
		3102FA211C00491B00C04535 /* 忘记密码.png */ = {isa = PBXFileReference; lastKnownFileType = image.png; path = "忘记密码.png"; sourceTree = "<group>"; };
		3102FA221C00491B00C04535 /* 我.png */ = {isa = PBXFileReference; lastKnownFileType = image.png; path = "我.png"; sourceTree = "<group>"; };
		3102FA231C00491B00C04535 /* 我1.png */ = {isa = PBXFileReference; lastKnownFileType = image.png; path = "我1.png"; sourceTree = "<group>"; };
		3102FA241C00491B00C04535 /* 我2.png */ = {isa = PBXFileReference; lastKnownFileType = image.png; path = "我2.png"; sourceTree = "<group>"; };
		3102FA251C00491B00C04535 /* 下一步.png */ = {isa = PBXFileReference; lastKnownFileType = image.png; path = "下一步.png"; sourceTree = "<group>"; };
		3102FA261C00491B00C04535 /* 修改名称.png */ = {isa = PBXFileReference; lastKnownFileType = image.png; path = "修改名称.png"; sourceTree = "<group>"; };
		3102FA271C00491B00C04535 /* 延时任务.png */ = {isa = PBXFileReference; lastKnownFileType = image.png; path = "延时任务.png"; sourceTree = "<group>"; };
		3102FA281C00491B00C04535 /* 移动.png */ = {isa = PBXFileReference; lastKnownFileType = image.png; path = "移动.png"; sourceTree = "<group>"; };
		3102FA291C00491B00C04535 /* 用户列表.png */ = {isa = PBXFileReference; lastKnownFileType = image.png; path = "用户列表.png"; sourceTree = "<group>"; };
		3102FA2A1C00491B00C04535 /* 用户名1.png */ = {isa = PBXFileReference; lastKnownFileType = image.png; path = "用户名1.png"; sourceTree = "<group>"; };
		3102FA2B1C00491B00C04535 /* 右列表.png */ = {isa = PBXFileReference; lastKnownFileType = image.png; path = "右列表.png"; sourceTree = "<group>"; };
		3102FA2C1C00491B00C04535 /* 再输入密码.png */ = {isa = PBXFileReference; lastKnownFileType = image.png; path = "再输入密码.png"; sourceTree = "<group>"; };
		3102FA2D1C00491B00C04535 /* 智能灯1.png */ = {isa = PBXFileReference; lastKnownFileType = image.png; path = "智能灯1.png"; sourceTree = "<group>"; };
		3102FA2E1C00491B00C04535 /* 智能灯2.png */ = {isa = PBXFileReference; lastKnownFileType = image.png; path = "智能灯2.png"; sourceTree = "<group>"; };
		3102FA2F1C00491B00C04535 /* 智能灯3.png */ = {isa = PBXFileReference; lastKnownFileType = image.png; path = "智能灯3.png"; sourceTree = "<group>"; };
		3102FA301C00491B00C04535 /* 注册.png */ = {isa = PBXFileReference; lastKnownFileType = image.png; path = "注册.png"; sourceTree = "<group>"; };
		3102FA311C00491B00C04535 /* 注册完成.png */ = {isa = PBXFileReference; lastKnownFileType = image.png; path = "注册完成.png"; sourceTree = "<group>"; };
		3102FA321C00491B00C04535 /* WuJ.png */ = {isa = PBXFileReference; lastKnownFileType = image.png; path = WuJ.png; sourceTree = "<group>"; };
		3102FA7D1C004E5300C04535 /* PeripheralDevicesCell.h */ = {isa = PBXFileReference; fileEncoding = 4; lastKnownFileType = sourcecode.c.h; path = PeripheralDevicesCell.h; sourceTree = "<group>"; };
		3102FA7E1C004E5300C04535 /* PeripheralDevicesCell.m */ = {isa = PBXFileReference; fileEncoding = 4; lastKnownFileType = sourcecode.c.objc; path = PeripheralDevicesCell.m; sourceTree = "<group>"; };
		3102FA811C00545200C04535 /* DataObject.h */ = {isa = PBXFileReference; fileEncoding = 4; lastKnownFileType = sourcecode.c.h; path = DataObject.h; sourceTree = "<group>"; };
		3102FA821C00545200C04535 /* DataObject.m */ = {isa = PBXFileReference; fileEncoding = 4; lastKnownFileType = sourcecode.c.objc; path = DataObject.m; sourceTree = "<group>"; };
		3102FA831C00545200C04535 /* UARTPeripheral.h */ = {isa = PBXFileReference; fileEncoding = 4; lastKnownFileType = sourcecode.c.h; path = UARTPeripheral.h; sourceTree = "<group>"; };
		3102FA841C00545200C04535 /* UARTPeripheral.m */ = {isa = PBXFileReference; fileEncoding = 4; lastKnownFileType = sourcecode.c.objc; path = UARTPeripheral.m; sourceTree = "<group>"; };
		3102FA871C0054AE00C04535 /* CoreBluetooth.framework */ = {isa = PBXFileReference; lastKnownFileType = wrapper.framework; name = CoreBluetooth.framework; path = System/Library/Frameworks/CoreBluetooth.framework; sourceTree = SDKROOT; };
		3102FA891C0054B600C04535 /* UIKit.framework */ = {isa = PBXFileReference; lastKnownFileType = wrapper.framework; name = UIKit.framework; path = System/Library/Frameworks/UIKit.framework; sourceTree = SDKROOT; };
		3102FA8B1C0054C200C04535 /* CoreGraphics.framework */ = {isa = PBXFileReference; lastKnownFileType = wrapper.framework; name = CoreGraphics.framework; path = System/Library/Frameworks/CoreGraphics.framework; sourceTree = SDKROOT; };
		31180F821C133DD600FA6934 /* IQKeyBoardManager.h */ = {isa = PBXFileReference; fileEncoding = 4; lastKnownFileType = sourcecode.c.h; path = IQKeyBoardManager.h; sourceTree = "<group>"; };
		31180F831C133DD600FA6934 /* IQKeyBoardManager.m */ = {isa = PBXFileReference; fileEncoding = 4; lastKnownFileType = sourcecode.c.objc; path = IQKeyBoardManager.m; sourceTree = "<group>"; };
		31180F841C133DD600FA6934 /* IQSegmentedNextPrevious.h */ = {isa = PBXFileReference; fileEncoding = 4; lastKnownFileType = sourcecode.c.h; path = IQSegmentedNextPrevious.h; sourceTree = "<group>"; };
		31180F851C133DD600FA6934 /* IQSegmentedNextPrevious.m */ = {isa = PBXFileReference; fileEncoding = 4; lastKnownFileType = sourcecode.c.objc; path = IQSegmentedNextPrevious.m; sourceTree = "<group>"; };
		319BB8A31C0B4A12001ED00A /* barbuttonicon_delete.png */ = {isa = PBXFileReference; lastKnownFileType = image.png; path = barbuttonicon_delete.png; sourceTree = "<group>"; };
		319BB8A41C0B4A12001ED00A /* barbuttonicon_delete@2x.png */ = {isa = PBXFileReference; lastKnownFileType = image.png; path = "barbuttonicon_delete@2x.png"; sourceTree = "<group>"; };
		319BB8A51C0B4A12001ED00A /* barbuttonicon_delete@3x.png */ = {isa = PBXFileReference; lastKnownFileType = image.png; path = "barbuttonicon_delete@3x.png"; sourceTree = "<group>"; };
		319BB8AF1C0B4B6F001ED00A /* EmoticonCloseButton@2x.png */ = {isa = PBXFileReference; lastKnownFileType = image.png; path = "EmoticonCloseButton@2x.png"; sourceTree = "<group>"; };
		319BB8B01C0B4B6F001ED00A /* EmoticonCloseButton@3x.png */ = {isa = PBXFileReference; lastKnownFileType = image.png; path = "EmoticonCloseButton@3x.png"; sourceTree = "<group>"; };
		319DA1851C09998F00EC2482 /* icon_back.png */ = {isa = PBXFileReference; lastKnownFileType = image.png; path = icon_back.png; sourceTree = "<group>"; };
		319DA1861C09998F00EC2482 /* icon_back@2x.png */ = {isa = PBXFileReference; lastKnownFileType = image.png; path = "icon_back@2x.png"; sourceTree = "<group>"; };
		319DA1871C09998F00EC2482 /* icon_back@3x.png */ = {isa = PBXFileReference; lastKnownFileType = image.png; path = "icon_back@3x.png"; sourceTree = "<group>"; };
		319DA18B1C099C0600EC2482 /* barbuttonicon_add@2x.png */ = {isa = PBXFileReference; lastKnownFileType = image.png; path = "barbuttonicon_add@2x.png"; sourceTree = "<group>"; };
		319DA18D1C099C6D00EC2482 /* barbuttonicon_add.png */ = {isa = PBXFileReference; lastKnownFileType = image.png; path = barbuttonicon_add.png; sourceTree = "<group>"; };
		319DA18E1C099C6D00EC2482 /* barbuttonicon_add@3x.png */ = {isa = PBXFileReference; lastKnownFileType = image.png; path = "barbuttonicon_add@3x.png"; sourceTree = "<group>"; };
		319DA1911C099CB200EC2482 /* barbuttonicon_back@2x.png */ = {isa = PBXFileReference; lastKnownFileType = image.png; path = "barbuttonicon_back@2x.png"; sourceTree = "<group>"; };
		319DA1921C099CB200EC2482 /* barbuttonicon_back@3x.png */ = {isa = PBXFileReference; lastKnownFileType = image.png; path = "barbuttonicon_back@3x.png"; sourceTree = "<group>"; };
		319DA1951C099E7800EC2482 /* barbuttonicon_set.png */ = {isa = PBXFileReference; lastKnownFileType = image.png; path = barbuttonicon_set.png; sourceTree = "<group>"; };
		319DA1961C099E7800EC2482 /* barbuttonicon_set@2x.png */ = {isa = PBXFileReference; lastKnownFileType = image.png; path = "barbuttonicon_set@2x.png"; sourceTree = "<group>"; };
		319DA1971C099E7800EC2482 /* barbuttonicon_set@3x.png */ = {isa = PBXFileReference; lastKnownFileType = image.png; path = "barbuttonicon_set@3x.png"; sourceTree = "<group>"; };
		31E79C191C0F1E6F00CAF416 /* TimerAddVC.h */ = {isa = PBXFileReference; fileEncoding = 4; lastKnownFileType = sourcecode.c.h; path = TimerAddVC.h; sourceTree = "<group>"; };
		31E79C1A1C0F1E6F00CAF416 /* TimerAddVC.m */ = {isa = PBXFileReference; fileEncoding = 4; lastKnownFileType = sourcecode.c.objc; path = TimerAddVC.m; sourceTree = "<group>"; };
		31E79C1C1C0F221F00CAF416 /* ModifyNameVC.h */ = {isa = PBXFileReference; fileEncoding = 4; lastKnownFileType = sourcecode.c.h; path = ModifyNameVC.h; sourceTree = "<group>"; };
		31E79C1D1C0F221F00CAF416 /* ModifyNameVC.m */ = {isa = PBXFileReference; fileEncoding = 4; lastKnownFileType = sourcecode.c.objc; path = ModifyNameVC.m; sourceTree = "<group>"; };
		31E79C1F1C0F222700CAF416 /* PeripheralDevicesVC.h */ = {isa = PBXFileReference; fileEncoding = 4; lastKnownFileType = sourcecode.c.h; path = PeripheralDevicesVC.h; sourceTree = "<group>"; };
		31E79C201C0F222700CAF416 /* PeripheralDevicesVC.m */ = {isa = PBXFileReference; fileEncoding = 4; lastKnownFileType = sourcecode.c.objc; path = PeripheralDevicesVC.m; sourceTree = "<group>"; };
		31E79C221C0F2D4400CAF416 /* GameLibrary_arrDown@2x.png */ = {isa = PBXFileReference; lastKnownFileType = image.png; path = "GameLibrary_arrDown@2x.png"; sourceTree = "<group>"; };
		31E79C231C0F2D4400CAF416 /* GameLibrary_arrUp@2x.png */ = {isa = PBXFileReference; lastKnownFileType = image.png; path = "GameLibrary_arrUp@2x.png"; sourceTree = "<group>"; };
		31E79C261C0F39D300CAF416 /* DelayTaskData.h */ = {isa = PBXFileReference; fileEncoding = 4; lastKnownFileType = sourcecode.c.h; path = DelayTaskData.h; sourceTree = "<group>"; };
		31E79C271C0F39D300CAF416 /* DelayTaskData.m */ = {isa = PBXFileReference; fileEncoding = 4; lastKnownFileType = sourcecode.c.objc; path = DelayTaskData.m; sourceTree = "<group>"; };
		31F521FD1C0DF8700058C9D9 /* HomeVc.h */ = {isa = PBXFileReference; fileEncoding = 4; lastKnownFileType = sourcecode.c.h; path = HomeVc.h; sourceTree = "<group>"; };
		31F521FE1C0DF8700058C9D9 /* HomeVc.m */ = {isa = PBXFileReference; fileEncoding = 4; lastKnownFileType = sourcecode.c.objc; path = HomeVc.m; sourceTree = "<group>"; };
		31F522021C0DF8700058C9D9 /* OperationVC.h */ = {isa = PBXFileReference; fileEncoding = 4; lastKnownFileType = sourcecode.c.h; path = OperationVC.h; sourceTree = "<group>"; };
		31F522031C0DF8700058C9D9 /* OperationVC.m */ = {isa = PBXFileReference; fileEncoding = 4; lastKnownFileType = sourcecode.c.objc; path = OperationVC.m; sourceTree = "<group>"; };
		31F5220A1C0DF8BE0058C9D9 /* DelayListVC.h */ = {isa = PBXFileReference; fileEncoding = 4; lastKnownFileType = sourcecode.c.h; path = DelayListVC.h; sourceTree = "<group>"; };
		31F5220B1C0DF8BE0058C9D9 /* DelayListVC.m */ = {isa = PBXFileReference; fileEncoding = 4; lastKnownFileType = sourcecode.c.objc; path = DelayListVC.m; sourceTree = "<group>"; };
		31F5220D1C0DFCD90058C9D9 /* DelayListCell.h */ = {isa = PBXFileReference; fileEncoding = 4; lastKnownFileType = sourcecode.c.h; path = DelayListCell.h; sourceTree = "<group>"; };
		31F5220E1C0DFCD90058C9D9 /* DelayListCell.m */ = {isa = PBXFileReference; fileEncoding = 4; lastKnownFileType = sourcecode.c.objc; path = DelayListCell.m; sourceTree = "<group>"; };
/* End PBXFileReference section */

/* Begin PBXFrameworksBuildPhase section */
		18C970EA1BE52B5C00C3AB7A /* Frameworks */ = {
			isa = PBXFrameworksBuildPhase;
			buildActionMask = 2147483647;
			files = (
				3102FA8C1C0054C200C04535 /* CoreGraphics.framework in Frameworks */,
				3102FA8A1C0054B600C04535 /* UIKit.framework in Frameworks */,
				3102FA881C0054AE00C04535 /* CoreBluetooth.framework in Frameworks */,
			);
			runOnlyForDeploymentPostprocessing = 0;
		};
		18C971031BE52B5C00C3AB7A /* Frameworks */ = {
			isa = PBXFrameworksBuildPhase;
			buildActionMask = 2147483647;
			files = (
			);
			runOnlyForDeploymentPostprocessing = 0;
		};
		18C9710E1BE52B5C00C3AB7A /* Frameworks */ = {
			isa = PBXFrameworksBuildPhase;
			buildActionMask = 2147483647;
			files = (
			);
			runOnlyForDeploymentPostprocessing = 0;
		};
/* End PBXFrameworksBuildPhase section */

/* Begin PBXGroup section */
		062F1D071C02EB0E00D37589 /* MBProgressHUD */ = {
			isa = PBXGroup;
			children = (
				062F1D081C02EB0E00D37589 /* MBProgressHUD.h */,
				062F1D091C02EB0E00D37589 /* MBProgressHUD.m */,
			);
			path = MBProgressHUD;
			sourceTree = "<group>";
		};
		065990031C89676900AF4CB0 /* 新版 */ = {
			isa = PBXGroup;
			children = (
				065990261C89786100AF4CB0 /* 底部1.png */,
				065990271C89786100AF4CB0 /* 底部2.png */,
				065990041C89676900AF4CB0 /* 中间按钮1.png */,
				065990051C89676900AF4CB0 /* 中间按钮2.png */,
				065990061C89676900AF4CB0 /* 大按钮状态白.png */,
				065990071C89676900AF4CB0 /* 大按钮状态红.png */,
				065990081C89676900AF4CB0 /* 大按钮状态绿.png */,
				065990091C89676900AF4CB0 /* 大按钮状态蓝.png */,
				0659900A1C89676900AF4CB0 /* 小按钮状态2.png */,
				0659900B1C89676900AF4CB0 /* 未标题-1.png */,
				0659900C1C89676900AF4CB0 /* 色饼.png */,
				0659900D1C89676900AF4CB0 /* 设计图_03.png */,
				0659900E1C89676900AF4CB0 /* 设计图_05.png */,
				0659900F1C89676900AF4CB0 /* 设计图_10.png */,
				065990101C89676900AF4CB0 /* 设计图_17.png */,
				065990111C89676900AF4CB0 /* 设计图_30.png */,
				065990121C89676900AF4CB0 /* 设计图_34.png */,
				065990131C89676900AF4CB0 /* 设计图_37.jpg */,
				065990141C89676900AF4CB0 /* 设计图_37.png */,
			);
			path = "新版";
			sourceTree = "<group>";
		};
		18C970E41BE52B5C00C3AB7A = {
			isa = PBXGroup;
			children = (
				18C971231BE52CD600C3AB7A /* Frameworks */,
				18C970EF1BE52B5C00C3AB7A /* lampApp */,
				18C971091BE52B5C00C3AB7A /* lampAppTests */,
				18C971141BE52B5C00C3AB7A /* lampAppUITests */,
				18C970EE1BE52B5C00C3AB7A /* Products */,
			);
			sourceTree = "<group>";
		};
		18C970EE1BE52B5C00C3AB7A /* Products */ = {
			isa = PBXGroup;
			children = (
				18C970ED1BE52B5C00C3AB7A /* lampApp.app */,
				18C971061BE52B5C00C3AB7A /* lampAppTests.xctest */,
				18C971111BE52B5C00C3AB7A /* lampAppUITests.xctest */,
			);
			name = Products;
			sourceTree = "<group>";
		};
		18C970EF1BE52B5C00C3AB7A /* lampApp */ = {
			isa = PBXGroup;
			children = (
				18C971841BE52CF400C3AB7A /* Uitils */,
				18C971341BE52CF400C3AB7A /* Libs */,
				18C971811BE52CF400C3AB7A /* Pics */,
				18C971241BE52CF400C3AB7A /* Class */,
				18C970F91BE52B5C00C3AB7A /* Main.storyboard */,
				18C970FC1BE52B5C00C3AB7A /* Assets.xcassets */,
				18C970FE1BE52B5C00C3AB7A /* LaunchScreen.storyboard */,
				18C971011BE52B5C00C3AB7A /* Info.plist */,
				18C970F01BE52B5C00C3AB7A /* Supporting Files */,
			);
			path = lampApp;
			sourceTree = "<group>";
		};
		18C970F01BE52B5C00C3AB7A /* Supporting Files */ = {
			isa = PBXGroup;
			children = (
				18C970F11BE52B5C00C3AB7A /* main.m */,
				18C971831BE52CF400C3AB7A /* PrefixHeader.pch */,
			);
			name = "Supporting Files";
			sourceTree = "<group>";
		};
		18C971091BE52B5C00C3AB7A /* lampAppTests */ = {
			isa = PBXGroup;
			children = (
				18C9710A1BE52B5C00C3AB7A /* lampAppTests.m */,
				18C9710C1BE52B5C00C3AB7A /* Info.plist */,
			);
			path = lampAppTests;
			sourceTree = "<group>";
		};
		18C971141BE52B5C00C3AB7A /* lampAppUITests */ = {
			isa = PBXGroup;
			children = (
				18C971151BE52B5C00C3AB7A /* lampAppUITests.m */,
				18C971171BE52B5C00C3AB7A /* Info.plist */,
			);
			path = lampAppUITests;
			sourceTree = "<group>";
		};
		18C971231BE52CD600C3AB7A /* Frameworks */ = {
			isa = PBXGroup;
			children = (
				3102FA8B1C0054C200C04535 /* CoreGraphics.framework */,
				3102FA891C0054B600C04535 /* UIKit.framework */,
				3102FA871C0054AE00C04535 /* CoreBluetooth.framework */,
			);
			path = Frameworks;
			sourceTree = "<group>";
		};
		18C971241BE52CF400C3AB7A /* Class */ = {
			isa = PBXGroup;
			children = (
				18C971251BE52CF400C3AB7A /* MVC */,
			);
			path = Class;
			sourceTree = "<group>";
		};
		18C971251BE52CF400C3AB7A /* MVC */ = {
			isa = PBXGroup;
			children = (
				18C971261BE52CF400C3AB7A /* AppDelegate */,
				18C9712F1BE52CF400C3AB7A /* Controller */,
				18C971301BE52CF400C3AB7A /* Models */,
				18C971311BE52CF400C3AB7A /* Views */,
			);
			path = MVC;
			sourceTree = "<group>";
		};
		18C971261BE52CF400C3AB7A /* AppDelegate */ = {
			isa = PBXGroup;
			children = (
				18C971271BE52CF400C3AB7A /* AppDelegate.h */,
				18C971281BE52CF400C3AB7A /* AppDelegate.m */,
				18C9712D1BE52CF400C3AB7A /* ViewController.h */,
				18C9712E1BE52CF400C3AB7A /* ViewController.m */,
				18C971291BE52CF400C3AB7A /* HomeTabBarVC.h */,
				18C9712A1BE52CF400C3AB7A /* HomeTabBarVC.m */,
				18C9712B1BE52CF400C3AB7A /* UIViewController+Transit.h */,
				18C9712C1BE52CF400C3AB7A /* UIViewController+Transit.m */,
			);
			path = AppDelegate;
			sourceTree = "<group>";
		};
		18C9712F1BE52CF400C3AB7A /* Controller */ = {
			isa = PBXGroup;
			children = (
				18C971B51BE5312400C3AB7A /* FoundVC */,
				18C971B61BE5312400C3AB7A /* HomeVc */,
				18C971B71BE5312400C3AB7A /* LoginVC */,
				18C971B81BE5312400C3AB7A /* PersonalVC */,
			);
			path = Controller;
			sourceTree = "<group>";
		};
		18C971301BE52CF400C3AB7A /* Models */ = {
			isa = PBXGroup;
			children = (
				062F1D111C0309E500D37589 /* DataStorage.h */,
				062F1D121C0309E500D37589 /* DataStorage.m */,
				31E79C261C0F39D300CAF416 /* DelayTaskData.h */,
				31E79C271C0F39D300CAF416 /* DelayTaskData.m */,
			);
			path = Models;
			sourceTree = "<group>";
		};
		18C971311BE52CF400C3AB7A /* Views */ = {
			isa = PBXGroup;
			children = (
				18C971321BE52CF400C3AB7A /* Cells */,
				18C971331BE52CF400C3AB7A /* Views */,
			);
			path = Views;
			sourceTree = "<group>";
		};
		18C971321BE52CF400C3AB7A /* Cells */ = {
			isa = PBXGroup;
			children = (
				062F1D0E1C02FEAF00D37589 /* EquipmentCell.h */,
				062F1D0F1C02FEAF00D37589 /* EquipmentCell.m */,
				3102FA7D1C004E5300C04535 /* PeripheralDevicesCell.h */,
				3102FA7E1C004E5300C04535 /* PeripheralDevicesCell.m */,
				31F5220D1C0DFCD90058C9D9 /* DelayListCell.h */,
				31F5220E1C0DFCD90058C9D9 /* DelayListCell.m */,
			);
			path = Cells;
			sourceTree = "<group>";
		};
		18C971331BE52CF400C3AB7A /* Views */ = {
			isa = PBXGroup;
			children = (
			);
			path = Views;
			sourceTree = "<group>";
		};
		18C971341BE52CF400C3AB7A /* Libs */ = {
			isa = PBXGroup;
			children = (
				31180F811C133DD600FA6934 /* IQKeyBoardManager */,
				062F1D071C02EB0E00D37589 /* MBProgressHUD */,
				3102FA801C00545200C04535 /* bluetooth */,
			);
			path = Libs;
			sourceTree = "<group>";
		};
		18C971811BE52CF400C3AB7A /* Pics */ = {
			isa = PBXGroup;
			children = (
				065990031C89676900AF4CB0 /* 新版 */,
				18C971821BE52CF400C3AB7A /* 辅助图 */,
			);
			path = Pics;
			sourceTree = "<group>";
		};
		18C971821BE52CF400C3AB7A /* 辅助图 */ = {
			isa = PBXGroup;
			children = (
				31E79C221C0F2D4400CAF416 /* GameLibrary_arrDown@2x.png */,
				31E79C231C0F2D4400CAF416 /* GameLibrary_arrUp@2x.png */,
				319BB8AF1C0B4B6F001ED00A /* EmoticonCloseButton@2x.png */,
				319BB8B01C0B4B6F001ED00A /* EmoticonCloseButton@3x.png */,
				319BB8A31C0B4A12001ED00A /* barbuttonicon_delete.png */,
				319BB8A41C0B4A12001ED00A /* barbuttonicon_delete@2x.png */,
				319BB8A51C0B4A12001ED00A /* barbuttonicon_delete@3x.png */,
				319DA1951C099E7800EC2482 /* barbuttonicon_set.png */,
				319DA1961C099E7800EC2482 /* barbuttonicon_set@2x.png */,
				319DA1971C099E7800EC2482 /* barbuttonicon_set@3x.png */,
				319DA1911C099CB200EC2482 /* barbuttonicon_back@2x.png */,
				319DA1921C099CB200EC2482 /* barbuttonicon_back@3x.png */,
				319DA18D1C099C6D00EC2482 /* barbuttonicon_add.png */,
				319DA18E1C099C6D00EC2482 /* barbuttonicon_add@3x.png */,
				319DA18B1C099C0600EC2482 /* barbuttonicon_add@2x.png */,
				319DA1851C09998F00EC2482 /* icon_back.png */,
				319DA1861C09998F00EC2482 /* icon_back@2x.png */,
				319DA1871C09998F00EC2482 /* icon_back@3x.png */,
				3102F9EC1C00491B00C04535 /* 安防盾.png */,
				3102F9ED1C00491B00C04535 /* 白.png */,
				3102F9EE1C00491B00C04535 /* 备注.png */,
				3102F9EF1C00491B00C04535 /* 插座.png */,
				3102F9F01C00491B00C04535 /* 灯.png */,
				3102F9F11C00491B00C04535 /* 灯2.png */,
				3102F9F21C00491B00C04535 /* 灯3.png */,
				3102F9F31C00491B00C04535 /* 灯小图.png */,
				3102F9F41C00491B00C04535 /* 登录1.png */,
				3102F9F51C00491B00C04535 /* 登录2.png */,
				3102F9F61C00491B00C04535 /* 登录3.png */,
				3102F9F71C00491B00C04535 /* 定时任务.png */,
				3102F9F81C00491B00C04535 /* 发现.png */,
				3102F9F91C00491B00C04535 /* 发现1.png */,
				3102F9FA1C00491B00C04535 /* 发现2.png */,
				3102F9FB1C00491B00C04535 /* 返回.png */,
				3102F9FC1C00491B00C04535 /* 房门.png */,
				3102F9FD1C00491B00C04535 /* 红.png */,
				3102F9FE1C00491B00C04535 /* 滑钮.png */,
				3102F9FF1C00491B00C04535 /* 滑钮2.png */,
				3102FA001C00491B00C04535 /* 获取验证码.png */,
				3102FA011C00491B00C04535 /* 渐变.png */,
				3102FA021C00491B00C04535 /* 开关.png */,
				3102FA031C00491B00C04535 /* 开机页面.png */,
				3102FA041C00491B00C04535 /* 开启与关闭.png */,
				3102FA051C00491B00C04535 /* 蓝.png */,
				3102FA061C00491B00C04535 /* 亮度.png */,
				3102FA071C00491B00C04535 /* 绿.png */,
				3102FA081C00491B00C04535 /* 密码1.png */,
				3102FA091C00491B00C04535 /* 昵称.png */,
				3102FA0A1C00491B00C04535 /* 取消.png */,
				3102FA0B1C00491B00C04535 /* 确认.png */,
				3102FA0C1C00491B00C04535 /* 任性渐变.png */,
				3102FA0D1C00491B00C04535 /* 任性闪耀.png */,
				3102FA0E1C00491B00C04535 /* 删除.png */,
				3102FA0F1C00491B00C04535 /* 删除2.png */,
				3102FA101C00491B00C04535 /* 闪耀.png */,
				3102FA111C00491B00C04535 /* 设备.png */,
				3102FA121C00491B00C04535 /* 设备1.png */,
				3102FA131C00491B00C04535 /* 设备2.png */,
				3102FA141C00491B00C04535 /* 设备信息.png */,
				3102FA151C00491B00C04535 /* 设置密码.png */,
				3102FA161C00491B00C04535 /* 设置密码1.png */,
				3102FA171C00491B00C04535 /* 手机号码1.png */,
				3102FA181C00491B00C04535 /* 输入密码.png */,
				3102FA191C00491B00C04535 /* 速度.png */,
				3102FA1A1C00491B00C04535 /* 锁.png */,
				3102FA1B1C00491B00C04535 /* 锁2.png */,
				3102FA1C1C00491B00C04535 /* 锁3.png */,
				3102FA1D1C00491B00C04535 /* 添加按键1.png */,
				3102FA1E1C00491B00C04535 /* 添加按键2.png */,
				3102FA1F1C00491B00C04535 /* 添加延时.png */,
				3102FA201C00491B00C04535 /* 添加延时1.png */,
				3102FA211C00491B00C04535 /* 忘记密码.png */,
				3102FA221C00491B00C04535 /* 我.png */,
				3102FA231C00491B00C04535 /* 我1.png */,
				3102FA241C00491B00C04535 /* 我2.png */,
				3102FA251C00491B00C04535 /* 下一步.png */,
				3102FA261C00491B00C04535 /* 修改名称.png */,
				3102FA271C00491B00C04535 /* 延时任务.png */,
				3102FA281C00491B00C04535 /* 移动.png */,
				3102FA291C00491B00C04535 /* 用户列表.png */,
				3102FA2A1C00491B00C04535 /* 用户名1.png */,
				3102FA2B1C00491B00C04535 /* 右列表.png */,
				3102FA2C1C00491B00C04535 /* 再输入密码.png */,
				3102FA2D1C00491B00C04535 /* 智能灯1.png */,
				3102FA2E1C00491B00C04535 /* 智能灯2.png */,
				3102FA2F1C00491B00C04535 /* 智能灯3.png */,
				3102FA301C00491B00C04535 /* 注册.png */,
				3102FA311C00491B00C04535 /* 注册完成.png */,
				3102FA321C00491B00C04535 /* WuJ.png */,
				3102F9E71C0041E000C04535 /* 调色板.png */,
			);
			path = "辅助图";
			sourceTree = "<group>";
		};
		18C971841BE52CF400C3AB7A /* Uitils */ = {
			isa = PBXGroup;
			children = (
				18C971851BE52CF400C3AB7A /* CHeader.h */,
				18C971861BE52CF400C3AB7A /* ControlsToCreate.h */,
				18C971871BE52CF400C3AB7A /* ControlsToCreate.m */,
				18C971881BE52CF400C3AB7A /* CWLtool.h */,
				18C971891BE52CF400C3AB7A /* CWLtool.m */,
				18C9718A1BE52CF400C3AB7A /* UIView+Auxiliary.h */,
				18C9718B1BE52CF400C3AB7A /* UIView+Auxiliary.m */,
				3102F9E91C00446300C04535 /* CwlEncapsulation.h */,
				3102F9EA1C00446300C04535 /* CwlEncapsulation.m */,
				065990001C89652700AF4CB0 /* SlidingView.h */,
				065990011C89652700AF4CB0 /* SlidingView.m */,
			);
			path = Uitils;
			sourceTree = "<group>";
		};
		18C971B51BE5312400C3AB7A /* FoundVC */ = {
			isa = PBXGroup;
			children = (
				18C971C21BE531CD00C3AB7A /* FoundVC.h */,
				18C971C31BE531CD00C3AB7A /* FoundVC.m */,
			);
			path = FoundVC;
			sourceTree = "<group>";
		};
		18C971B61BE5312400C3AB7A /* HomeVc */ = {
			isa = PBXGroup;
			children = (
				31F521FC1C0DF8700058C9D9 /* HomeListVc */,
				31F522011C0DF8700058C9D9 /* OperationVC */,
			);
			path = HomeVc;
			sourceTree = "<group>";
		};
		18C971B71BE5312400C3AB7A /* LoginVC */ = {
			isa = PBXGroup;
			children = (
				18C971BC1BE5319D00C3AB7A /* LoginVC.h */,
				18C971BD1BE5319D00C3AB7A /* LoginVC.m */,
				189A382E1BE64E30006EFD78 /* RegisteredVC.h */,
				189A382F1BE64E30006EFD78 /* RegisteredVC.m */,
				189A38311BE65520006EFD78 /* RegistereConfirmVC.h */,
				189A38321BE65520006EFD78 /* RegistereConfirmVC.m */,
			);
			path = LoginVC;
			sourceTree = "<group>";
		};
		18C971B81BE5312400C3AB7A /* PersonalVC */ = {
			isa = PBXGroup;
			children = (
				18C971BF1BE531B700C3AB7A /* PersonalVC.h */,
				18C971C01BE531B700C3AB7A /* PersonalVC.m */,
			);
			path = PersonalVC;
			sourceTree = "<group>";
		};
		3102FA801C00545200C04535 /* bluetooth */ = {
			isa = PBXGroup;
			children = (
				062F1D041C02EA9600D37589 /* CWLAlert.h */,
				062F1D051C02EA9600D37589 /* CWLAlert.m */,
				3102FA811C00545200C04535 /* DataObject.h */,
				3102FA821C00545200C04535 /* DataObject.m */,
				3102FA831C00545200C04535 /* UARTPeripheral.h */,
				3102FA841C00545200C04535 /* UARTPeripheral.m */,
			);
			path = bluetooth;
			sourceTree = "<group>";
		};
		31180F811C133DD600FA6934 /* IQKeyBoardManager */ = {
			isa = PBXGroup;
			children = (
				31180F821C133DD600FA6934 /* IQKeyBoardManager.h */,
				31180F831C133DD600FA6934 /* IQKeyBoardManager.m */,
				31180F841C133DD600FA6934 /* IQSegmentedNextPrevious.h */,
				31180F851C133DD600FA6934 /* IQSegmentedNextPrevious.m */,
			);
			path = IQKeyBoardManager;
			sourceTree = "<group>";
		};
		31F521FC1C0DF8700058C9D9 /* HomeListVc */ = {
			isa = PBXGroup;
			children = (
				31F521FD1C0DF8700058C9D9 /* HomeVc.h */,
				31F521FE1C0DF8700058C9D9 /* HomeVc.m */,
				31E79C1F1C0F222700CAF416 /* PeripheralDevicesVC.h */,
				31E79C201C0F222700CAF416 /* PeripheralDevicesVC.m */,
			);
			path = HomeListVc;
			sourceTree = "<group>";
		};
		31F522011C0DF8700058C9D9 /* OperationVC */ = {
			isa = PBXGroup;
			children = (
				31F522021C0DF8700058C9D9 /* OperationVC.h */,
				31F522031C0DF8700058C9D9 /* OperationVC.m */,
				31E79C1C1C0F221F00CAF416 /* ModifyNameVC.h */,
				31E79C1D1C0F221F00CAF416 /* ModifyNameVC.m */,
				31F5220A1C0DF8BE0058C9D9 /* DelayListVC.h */,
				31F5220B1C0DF8BE0058C9D9 /* DelayListVC.m */,
				31E79C191C0F1E6F00CAF416 /* TimerAddVC.h */,
				31E79C1A1C0F1E6F00CAF416 /* TimerAddVC.m */,
			);
			path = OperationVC;
			sourceTree = "<group>";
		};
/* End PBXGroup section */

/* Begin PBXNativeTarget section */
		18C970EC1BE52B5C00C3AB7A /* lampApp */ = {
			isa = PBXNativeTarget;
			buildConfigurationList = 18C9711A1BE52B5C00C3AB7A /* Build configuration list for PBXNativeTarget "lampApp" */;
			buildPhases = (
				18C970E91BE52B5C00C3AB7A /* Sources */,
				18C970EA1BE52B5C00C3AB7A /* Frameworks */,
				18C970EB1BE52B5C00C3AB7A /* Resources */,
			);
			buildRules = (
			);
			dependencies = (
			);
			name = lampApp;
			productName = lampApp;
			productReference = 18C970ED1BE52B5C00C3AB7A /* lampApp.app */;
			productType = "com.apple.product-type.application";
		};
		18C971051BE52B5C00C3AB7A /* lampAppTests */ = {
			isa = PBXNativeTarget;
			buildConfigurationList = 18C9711D1BE52B5C00C3AB7A /* Build configuration list for PBXNativeTarget "lampAppTests" */;
			buildPhases = (
				18C971021BE52B5C00C3AB7A /* Sources */,
				18C971031BE52B5C00C3AB7A /* Frameworks */,
				18C971041BE52B5C00C3AB7A /* Resources */,
			);
			buildRules = (
			);
			dependencies = (
				18C971081BE52B5C00C3AB7A /* PBXTargetDependency */,
			);
			name = lampAppTests;
			productName = lampAppTests;
			productReference = 18C971061BE52B5C00C3AB7A /* lampAppTests.xctest */;
			productType = "com.apple.product-type.bundle.unit-test";
		};
		18C971101BE52B5C00C3AB7A /* lampAppUITests */ = {
			isa = PBXNativeTarget;
			buildConfigurationList = 18C971201BE52B5C00C3AB7A /* Build configuration list for PBXNativeTarget "lampAppUITests" */;
			buildPhases = (
				18C9710D1BE52B5C00C3AB7A /* Sources */,
				18C9710E1BE52B5C00C3AB7A /* Frameworks */,
				18C9710F1BE52B5C00C3AB7A /* Resources */,
			);
			buildRules = (
			);
			dependencies = (
				18C971131BE52B5C00C3AB7A /* PBXTargetDependency */,
			);
			name = lampAppUITests;
			productName = lampAppUITests;
			productReference = 18C971111BE52B5C00C3AB7A /* lampAppUITests.xctest */;
			productType = "com.apple.product-type.bundle.ui-testing";
		};
/* End PBXNativeTarget section */

/* Begin PBXProject section */
		18C970E51BE52B5C00C3AB7A /* Project object */ = {
			isa = PBXProject;
			attributes = {
				LastUpgradeCheck = 0710;
				ORGANIZATIONNAME = anan;
				TargetAttributes = {
					18C970EC1BE52B5C00C3AB7A = {
						CreatedOnToolsVersion = 7.1;
					};
					18C971051BE52B5C00C3AB7A = {
						CreatedOnToolsVersion = 7.1;
						DevelopmentTeam = L99SQH8RCV;
						TestTargetID = 18C970EC1BE52B5C00C3AB7A;
					};
					18C971101BE52B5C00C3AB7A = {
						CreatedOnToolsVersion = 7.1;
						DevelopmentTeam = L99SQH8RCV;
						TestTargetID = 18C970EC1BE52B5C00C3AB7A;
					};
				};
			};
			buildConfigurationList = 18C970E81BE52B5C00C3AB7A /* Build configuration list for PBXProject "lampApp" */;
			compatibilityVersion = "Xcode 3.2";
			developmentRegion = English;
			hasScannedForEncodings = 0;
			knownRegions = (
				en,
				Base,
			);
			mainGroup = 18C970E41BE52B5C00C3AB7A;
			productRefGroup = 18C970EE1BE52B5C00C3AB7A /* Products */;
			projectDirPath = "";
			projectRoot = "";
			targets = (
				18C970EC1BE52B5C00C3AB7A /* lampApp */,
				18C971051BE52B5C00C3AB7A /* lampAppTests */,
				18C971101BE52B5C00C3AB7A /* lampAppUITests */,
			);
		};
/* End PBXProject section */

/* Begin PBXResourcesBuildPhase section */
		18C970EB1BE52B5C00C3AB7A /* Resources */ = {
			isa = PBXResourcesBuildPhase;
			buildActionMask = 2147483647;
			files = (
				3102FA791C00491B00C04535 /* WuJ.png in Resources */,
				3102FA6F1C00491B00C04535 /* 移动.png in Resources */,
				3102FA751C00491B00C04535 /* 智能灯2.png in Resources */,
				3102FA621C00491B00C04535 /* 锁2.png in Resources */,
				319DA18C1C099C0600EC2482 /* barbuttonicon_add@2x.png in Resources */,
				065990151C89676900AF4CB0 /* 中间按钮1.png in Resources */,
				3102FA591C00491B00C04535 /* 设备1.png in Resources */,
				3102FA581C00491B00C04535 /* 设备.png in Resources */,
				3102FA781C00491B00C04535 /* 注册完成.png in Resources */,
				3102FA6E1C00491B00C04535 /* 延时任务.png in Resources */,
				3102FA441C00491B00C04535 /* 红.png in Resources */,
				3102FA411C00491B00C04535 /* 发现2.png in Resources */,
				3102FA381C00491B00C04535 /* 灯2.png in Resources */,
				3102FA461C00491B00C04535 /* 滑钮2.png in Resources */,
				3102FA5C1C00491B00C04535 /* 设置密码.png in Resources */,
				065990171C89676900AF4CB0 /* 大按钮状态白.png in Resources */,
				3102FA771C00491B00C04535 /* 注册.png in Resources */,
				319BB8B11C0B4B6F001ED00A /* EmoticonCloseButton@2x.png in Resources */,
				3102FA6D1C00491B00C04535 /* 修改名称.png in Resources */,
				18C971001BE52B5C00C3AB7A /* LaunchScreen.storyboard in Resources */,
				065990231C89676900AF4CB0 /* 设计图_34.png in Resources */,
				3102FA3B1C00491B00C04535 /* 登录1.png in Resources */,
				065990191C89676900AF4CB0 /* 大按钮状态绿.png in Resources */,
				3102FA3F1C00491B00C04535 /* 发现.png in Resources */,
				3102FA631C00491B00C04535 /* 锁3.png in Resources */,
				3102FA601C00491B00C04535 /* 速度.png in Resources */,
				3102FA3D1C00491B00C04535 /* 登录3.png in Resources */,
				3102FA4A1C00491B00C04535 /* 开机页面.png in Resources */,
				3102FA4B1C00491B00C04535 /* 开启与关闭.png in Resources */,
				3102FA501C00491B00C04535 /* 昵称.png in Resources */,
				18C970FD1BE52B5C00C3AB7A /* Assets.xcassets in Resources */,
				31E79C251C0F2D4400CAF416 /* GameLibrary_arrUp@2x.png in Resources */,
				319DA1931C099CB200EC2482 /* barbuttonicon_back@2x.png in Resources */,
				3102FA661C00491B00C04535 /* 添加延时.png in Resources */,
				0659901D1C89676900AF4CB0 /* 色饼.png in Resources */,
				3102FA361C00491B00C04535 /* 插座.png in Resources */,
				31E79C241C0F2D4400CAF416 /* GameLibrary_arrDown@2x.png in Resources */,
				3102FA691C00491B00C04535 /* 我.png in Resources */,
				0659901B1C89676900AF4CB0 /* 小按钮状态2.png in Resources */,
				3102FA371C00491B00C04535 /* 灯.png in Resources */,
				3102FA571C00491B00C04535 /* 闪耀.png in Resources */,
				3102FA431C00491B00C04535 /* 房门.png in Resources */,
				319DA1901C099C6D00EC2482 /* barbuttonicon_add@3x.png in Resources */,
				3102FA3E1C00491B00C04535 /* 定时任务.png in Resources */,
				3102FA4F1C00491B00C04535 /* 密码1.png in Resources */,
				065990241C89676900AF4CB0 /* 设计图_37.jpg in Resources */,
				3102FA481C00491B00C04535 /* 渐变.png in Resources */,
				3102FA641C00491B00C04535 /* 添加按键1.png in Resources */,
				3102FA3C1C00491B00C04535 /* 登录2.png in Resources */,
				3102FA731C00491B00C04535 /* 再输入密码.png in Resources */,
				3102F9E81C0041E000C04535 /* 调色板.png in Resources */,
				3102FA3A1C00491B00C04535 /* 灯小图.png in Resources */,
				3102FA491C00491B00C04535 /* 开关.png in Resources */,
				319BB8A61C0B4A12001ED00A /* barbuttonicon_delete.png in Resources */,
				3102FA5E1C00491B00C04535 /* 手机号码1.png in Resources */,
				3102FA401C00491B00C04535 /* 发现1.png in Resources */,
				0659901F1C89676900AF4CB0 /* 设计图_05.png in Resources */,
				3102FA741C00491B00C04535 /* 智能灯1.png in Resources */,
				3102FA531C00491B00C04535 /* 任性渐变.png in Resources */,
				065990251C89676900AF4CB0 /* 设计图_37.png in Resources */,
				3102FA561C00491B00C04535 /* 删除2.png in Resources */,
				3102FA451C00491B00C04535 /* 滑钮.png in Resources */,
				3102FA341C00491B00C04535 /* 白.png in Resources */,
				3102FA761C00491B00C04535 /* 智能灯3.png in Resources */,
				3102FA5F1C00491B00C04535 /* 输入密码.png in Resources */,
				319DA18A1C09998F00EC2482 /* icon_back@3x.png in Resources */,
				3102FA551C00491B00C04535 /* 删除.png in Resources */,
				3102FA511C00491B00C04535 /* 取消.png in Resources */,
				3102FA651C00491B00C04535 /* 添加按键2.png in Resources */,
				065990281C89786100AF4CB0 /* 底部1.png in Resources */,
				3102FA4E1C00491B00C04535 /* 绿.png in Resources */,
				319DA1981C099E7800EC2482 /* barbuttonicon_set.png in Resources */,
				3102FA5A1C00491B00C04535 /* 设备2.png in Resources */,
				065990211C89676900AF4CB0 /* 设计图_17.png in Resources */,
				065990181C89676900AF4CB0 /* 大按钮状态红.png in Resources */,
				3102FA421C00491B00C04535 /* 返回.png in Resources */,
				319BB8A81C0B4A12001ED00A /* barbuttonicon_delete@3x.png in Resources */,
				3102FA471C00491B00C04535 /* 获取验证码.png in Resources */,
				319DA1891C09998F00EC2482 /* icon_back@2x.png in Resources */,
				3102FA331C00491B00C04535 /* 安防盾.png in Resources */,
				3102FA681C00491B00C04535 /* 忘记密码.png in Resources */,
				3102FA4D1C00491B00C04535 /* 亮度.png in Resources */,
				3102FA721C00491B00C04535 /* 右列表.png in Resources */,
				3102FA521C00491B00C04535 /* 确认.png in Resources */,
				0659901C1C89676900AF4CB0 /* 未标题-1.png in Resources */,
				3102FA391C00491B00C04535 /* 灯3.png in Resources */,
				3102FA5B1C00491B00C04535 /* 设备信息.png in Resources */,
				065990221C89676900AF4CB0 /* 设计图_30.png in Resources */,
				319DA19A1C099E7800EC2482 /* barbuttonicon_set@3x.png in Resources */,
				065990291C89786100AF4CB0 /* 底部2.png in Resources */,
				3102FA6C1C00491B00C04535 /* 下一步.png in Resources */,
				319BB8B21C0B4B6F001ED00A /* EmoticonCloseButton@3x.png in Resources */,
				3102FA611C00491B00C04535 /* 锁.png in Resources */,
				319DA1941C099CB200EC2482 /* barbuttonicon_back@3x.png in Resources */,
				3102FA4C1C00491B00C04535 /* 蓝.png in Resources */,
				3102FA5D1C00491B00C04535 /* 设置密码1.png in Resources */,
				319BB8A71C0B4A12001ED00A /* barbuttonicon_delete@2x.png in Resources */,
				3102FA6A1C00491B00C04535 /* 我1.png in Resources */,
				18C970FB1BE52B5C00C3AB7A /* Main.storyboard in Resources */,
				3102FA351C00491B00C04535 /* 备注.png in Resources */,
				319DA1881C09998F00EC2482 /* icon_back.png in Resources */,
				065990201C89676900AF4CB0 /* 设计图_10.png in Resources */,
				319DA18F1C099C6D00EC2482 /* barbuttonicon_add.png in Resources */,
				0659901E1C89676900AF4CB0 /* 设计图_03.png in Resources */,
				0659901A1C89676900AF4CB0 /* 大按钮状态蓝.png in Resources */,
				3102FA6B1C00491B00C04535 /* 我2.png in Resources */,
				3102FA701C00491B00C04535 /* 用户列表.png in Resources */,
				065990161C89676900AF4CB0 /* 中间按钮2.png in Resources */,
				3102FA671C00491B00C04535 /* 添加延时1.png in Resources */,
				3102FA711C00491B00C04535 /* 用户名1.png in Resources */,
				319DA1991C099E7800EC2482 /* barbuttonicon_set@2x.png in Resources */,
				3102FA541C00491B00C04535 /* 任性闪耀.png in Resources */,
			);
			runOnlyForDeploymentPostprocessing = 0;
		};
		18C971041BE52B5C00C3AB7A /* Resources */ = {
			isa = PBXResourcesBuildPhase;
			buildActionMask = 2147483647;
			files = (
			);
			runOnlyForDeploymentPostprocessing = 0;
		};
		18C9710F1BE52B5C00C3AB7A /* Resources */ = {
			isa = PBXResourcesBuildPhase;
			buildActionMask = 2147483647;
			files = (
			);
			runOnlyForDeploymentPostprocessing = 0;
		};
/* End PBXResourcesBuildPhase section */

/* Begin PBXSourcesBuildPhase section */
		18C970E91BE52B5C00C3AB7A /* Sources */ = {
			isa = PBXSourcesBuildPhase;
			buildActionMask = 2147483647;
			files = (
				18C9718C1BE52CF400C3AB7A /* AppDelegate.m in Sources */,
				18C971BE1BE5319D00C3AB7A /* LoginVC.m in Sources */,
				31180F861C133DD600FA6934 /* IQKeyBoardManager.m in Sources */,
				18C971C11BE531B700C3AB7A /* PersonalVC.m in Sources */,
				18C9718D1BE52CF400C3AB7A /* HomeTabBarVC.m in Sources */,
				3102FA7F1C004E5300C04535 /* PeripheralDevicesCell.m in Sources */,
				189A38301BE64E30006EFD78 /* RegisteredVC.m in Sources */,
				062F1D061C02EA9600D37589 /* CWLAlert.m in Sources */,
				189A38331BE65520006EFD78 /* RegistereConfirmVC.m in Sources */,
				31E79C211C0F222700CAF416 /* PeripheralDevicesVC.m in Sources */,
				18C971B21BE52CF400C3AB7A /* ControlsToCreate.m in Sources */,
				062F1D101C02FEAF00D37589 /* EquipmentCell.m in Sources */,
				18C9718E1BE52CF400C3AB7A /* UIViewController+Transit.m in Sources */,
				065990021C89652700AF4CB0 /* SlidingView.m in Sources */,
				3102F9EB1C00446300C04535 /* CwlEncapsulation.m in Sources */,
				3102FA861C00545200C04535 /* UARTPeripheral.m in Sources */,
				31E79C1B1C0F1E6F00CAF416 /* TimerAddVC.m in Sources */,
				18C970F21BE52B5C00C3AB7A /* main.m in Sources */,
				18C9718F1BE52CF400C3AB7A /* ViewController.m in Sources */,
				062F1D0A1C02EB0E00D37589 /* MBProgressHUD.m in Sources */,
				31180F871C133DD600FA6934 /* IQSegmentedNextPrevious.m in Sources */,
				31F5220C1C0DF8BE0058C9D9 /* DelayListVC.m in Sources */,
				18C971B41BE52CF400C3AB7A /* UIView+Auxiliary.m in Sources */,
				31F522081C0DF8700058C9D9 /* OperationVC.m in Sources */,
				18C971C41BE531CD00C3AB7A /* FoundVC.m in Sources */,
				3102FA851C00545200C04535 /* DataObject.m in Sources */,
				31F5220F1C0DFCD90058C9D9 /* DelayListCell.m in Sources */,
				31E79C281C0F39D300CAF416 /* DelayTaskData.m in Sources */,
				31F522061C0DF8700058C9D9 /* HomeVc.m in Sources */,
				18C971B31BE52CF400C3AB7A /* CWLtool.m in Sources */,
				31E79C1E1C0F221F00CAF416 /* ModifyNameVC.m in Sources */,
				062F1D131C0309E500D37589 /* DataStorage.m in Sources */,
			);
			runOnlyForDeploymentPostprocessing = 0;
		};
		18C971021BE52B5C00C3AB7A /* Sources */ = {
			isa = PBXSourcesBuildPhase;
			buildActionMask = 2147483647;
			files = (
				18C9710B1BE52B5C00C3AB7A /* lampAppTests.m in Sources */,
			);
			runOnlyForDeploymentPostprocessing = 0;
		};
		18C9710D1BE52B5C00C3AB7A /* Sources */ = {
			isa = PBXSourcesBuildPhase;
			buildActionMask = 2147483647;
			files = (
				18C971161BE52B5C00C3AB7A /* lampAppUITests.m in Sources */,
			);
			runOnlyForDeploymentPostprocessing = 0;
		};
/* End PBXSourcesBuildPhase section */

/* Begin PBXTargetDependency section */
		18C971081BE52B5C00C3AB7A /* PBXTargetDependency */ = {
			isa = PBXTargetDependency;
			target = 18C970EC1BE52B5C00C3AB7A /* lampApp */;
			targetProxy = 18C971071BE52B5C00C3AB7A /* PBXContainerItemProxy */;
		};
		18C971131BE52B5C00C3AB7A /* PBXTargetDependency */ = {
			isa = PBXTargetDependency;
			target = 18C970EC1BE52B5C00C3AB7A /* lampApp */;
			targetProxy = 18C971121BE52B5C00C3AB7A /* PBXContainerItemProxy */;
		};
/* End PBXTargetDependency section */

/* Begin PBXVariantGroup section */
		18C970F91BE52B5C00C3AB7A /* Main.storyboard */ = {
			isa = PBXVariantGroup;
			children = (
				18C970FA1BE52B5C00C3AB7A /* Base */,
			);
			name = Main.storyboard;
			sourceTree = "<group>";
		};
		18C970FE1BE52B5C00C3AB7A /* LaunchScreen.storyboard */ = {
			isa = PBXVariantGroup;
			children = (
				18C970FF1BE52B5C00C3AB7A /* Base */,
			);
			name = LaunchScreen.storyboard;
			sourceTree = "<group>";
		};
/* End PBXVariantGroup section */

/* Begin XCBuildConfiguration section */
		18C971181BE52B5C00C3AB7A /* Debug */ = {
			isa = XCBuildConfiguration;
			buildSettings = {
				ALWAYS_SEARCH_USER_PATHS = NO;
				CLANG_CXX_LANGUAGE_STANDARD = "gnu++0x";
				CLANG_CXX_LIBRARY = "libc++";
				CLANG_ENABLE_MODULES = YES;
				CLANG_ENABLE_OBJC_ARC = YES;
				CLANG_WARN_BOOL_CONVERSION = YES;
				CLANG_WARN_CONSTANT_CONVERSION = YES;
				CLANG_WARN_DIRECT_OBJC_ISA_USAGE = YES_ERROR;
				CLANG_WARN_EMPTY_BODY = YES;
				CLANG_WARN_ENUM_CONVERSION = YES;
				CLANG_WARN_INT_CONVERSION = YES;
				CLANG_WARN_OBJC_ROOT_CLASS = YES_ERROR;
				CLANG_WARN_UNREACHABLE_CODE = YES;
				CLANG_WARN__DUPLICATE_METHOD_MATCH = YES;
				"CODE_SIGN_IDENTITY[sdk=iphoneos*]" = "iPhone Developer";
				COPY_PHASE_STRIP = NO;
				DEBUG_INFORMATION_FORMAT = dwarf;
				ENABLE_STRICT_OBJC_MSGSEND = YES;
				ENABLE_TESTABILITY = YES;
				GCC_C_LANGUAGE_STANDARD = gnu99;
				GCC_DYNAMIC_NO_PIC = NO;
				GCC_NO_COMMON_BLOCKS = YES;
				GCC_OPTIMIZATION_LEVEL = 0;
				GCC_PREPROCESSOR_DEFINITIONS = (
					"DEBUG=1",
					"$(inherited)",
				);
				GCC_WARN_64_TO_32_BIT_CONVERSION = YES;
				GCC_WARN_ABOUT_RETURN_TYPE = YES_ERROR;
				GCC_WARN_UNDECLARED_SELECTOR = YES;
				GCC_WARN_UNINITIALIZED_AUTOS = YES_AGGRESSIVE;
				GCC_WARN_UNUSED_FUNCTION = YES;
				GCC_WARN_UNUSED_VARIABLE = YES;
				IPHONEOS_DEPLOYMENT_TARGET = 9.1;
				MTL_ENABLE_DEBUG_INFO = YES;
				ONLY_ACTIVE_ARCH = YES;
				SDKROOT = iphoneos;
			};
			name = Debug;
		};
		18C971191BE52B5C00C3AB7A /* Release */ = {
			isa = XCBuildConfiguration;
			buildSettings = {
				ALWAYS_SEARCH_USER_PATHS = NO;
				CLANG_CXX_LANGUAGE_STANDARD = "gnu++0x";
				CLANG_CXX_LIBRARY = "libc++";
				CLANG_ENABLE_MODULES = YES;
				CLANG_ENABLE_OBJC_ARC = YES;
				CLANG_WARN_BOOL_CONVERSION = YES;
				CLANG_WARN_CONSTANT_CONVERSION = YES;
				CLANG_WARN_DIRECT_OBJC_ISA_USAGE = YES_ERROR;
				CLANG_WARN_EMPTY_BODY = YES;
				CLANG_WARN_ENUM_CONVERSION = YES;
				CLANG_WARN_INT_CONVERSION = YES;
				CLANG_WARN_OBJC_ROOT_CLASS = YES_ERROR;
				CLANG_WARN_UNREACHABLE_CODE = YES;
				CLANG_WARN__DUPLICATE_METHOD_MATCH = YES;
				"CODE_SIGN_IDENTITY[sdk=iphoneos*]" = "iPhone Developer";
				COPY_PHASE_STRIP = NO;
				DEBUG_INFORMATION_FORMAT = "dwarf-with-dsym";
				ENABLE_NS_ASSERTIONS = NO;
				ENABLE_STRICT_OBJC_MSGSEND = YES;
				GCC_C_LANGUAGE_STANDARD = gnu99;
				GCC_NO_COMMON_BLOCKS = YES;
				GCC_WARN_64_TO_32_BIT_CONVERSION = YES;
				GCC_WARN_ABOUT_RETURN_TYPE = YES_ERROR;
				GCC_WARN_UNDECLARED_SELECTOR = YES;
				GCC_WARN_UNINITIALIZED_AUTOS = YES_AGGRESSIVE;
				GCC_WARN_UNUSED_FUNCTION = YES;
				GCC_WARN_UNUSED_VARIABLE = YES;
				IPHONEOS_DEPLOYMENT_TARGET = 9.1;
				MTL_ENABLE_DEBUG_INFO = NO;
				SDKROOT = iphoneos;
				VALIDATE_PRODUCT = YES;
			};
			name = Release;
		};
		18C9711B1BE52B5C00C3AB7A /* Debug */ = {
			isa = XCBuildConfiguration;
			buildSettings = {
				ASSETCATALOG_COMPILER_APPICON_NAME = AppIcon;
				CODE_SIGN_IDENTITY = "iPhone Developer";
				GCC_PREFIX_HEADER = lampApp/PrefixHeader.pch;
				INFOPLIST_FILE = lampApp/Info.plist;
				IPHONEOS_DEPLOYMENT_TARGET = 7.0;
				LD_RUNPATH_SEARCH_PATHS = "$(inherited) @executable_path/Frameworks";
				PRODUCT_BUNDLE_IDENTIFIER = "com.gatewang.g-mall";
				PRODUCT_NAME = "$(TARGET_NAME)";
				TARGETED_DEVICE_FAMILY = 1;
			};
			name = Debug;
		};
		18C9711C1BE52B5C00C3AB7A /* Release */ = {
			isa = XCBuildConfiguration;
			buildSettings = {
				ASSETCATALOG_COMPILER_APPICON_NAME = AppIcon;
				CODE_SIGN_IDENTITY = "iPhone Developer";
				GCC_PREFIX_HEADER = lampApp/PrefixHeader.pch;
				INFOPLIST_FILE = lampApp/Info.plist;
				IPHONEOS_DEPLOYMENT_TARGET = 7.0;
				LD_RUNPATH_SEARCH_PATHS = "$(inherited) @executable_path/Frameworks";
				PRODUCT_BUNDLE_IDENTIFIER = "com.gatewang.g-mall";
				PRODUCT_NAME = "$(TARGET_NAME)";
				TARGETED_DEVICE_FAMILY = 1;
			};
			name = Release;
		};
		18C9711E1BE52B5C00C3AB7A /* Debug */ = {
			isa = XCBuildConfiguration;
			buildSettings = {
				BUNDLE_LOADER = "$(TEST_HOST)";
				INFOPLIST_FILE = lampAppTests/Info.plist;
				LD_RUNPATH_SEARCH_PATHS = "$(inherited) @executable_path/Frameworks @loader_path/Frameworks";
				PRODUCT_BUNDLE_IDENTIFIER = com.gatewang.lampAppTests;
				PRODUCT_NAME = "$(TARGET_NAME)";
				TEST_HOST = "$(BUILT_PRODUCTS_DIR)/lampApp.app/lampApp";
			};
			name = Debug;
		};
		18C9711F1BE52B5C00C3AB7A /* Release */ = {
			isa = XCBuildConfiguration;
			buildSettings = {
				BUNDLE_LOADER = "$(TEST_HOST)";
				INFOPLIST_FILE = lampAppTests/Info.plist;
				LD_RUNPATH_SEARCH_PATHS = "$(inherited) @executable_path/Frameworks @loader_path/Frameworks";
				PRODUCT_BUNDLE_IDENTIFIER = com.gatewang.lampAppTests;
				PRODUCT_NAME = "$(TARGET_NAME)";
				TEST_HOST = "$(BUILT_PRODUCTS_DIR)/lampApp.app/lampApp";
			};
			name = Release;
		};
		18C971211BE52B5C00C3AB7A /* Debug */ = {
			isa = XCBuildConfiguration;
			buildSettings = {
				INFOPLIST_FILE = lampAppUITests/Info.plist;
				LD_RUNPATH_SEARCH_PATHS = "$(inherited) @executable_path/Frameworks @loader_path/Frameworks";
				PRODUCT_BUNDLE_IDENTIFIER = com.gatewang.lampAppUITests;
				PRODUCT_NAME = "$(TARGET_NAME)";
				TEST_TARGET_NAME = lampApp;
				USES_XCTRUNNER = YES;
			};
			name = Debug;
		};
		18C971221BE52B5C00C3AB7A /* Release */ = {
			isa = XCBuildConfiguration;
			buildSettings = {
				INFOPLIST_FILE = lampAppUITests/Info.plist;
				LD_RUNPATH_SEARCH_PATHS = "$(inherited) @executable_path/Frameworks @loader_path/Frameworks";
				PRODUCT_BUNDLE_IDENTIFIER = com.gatewang.lampAppUITests;
				PRODUCT_NAME = "$(TARGET_NAME)";
				TEST_TARGET_NAME = lampApp;
				USES_XCTRUNNER = YES;
			};
			name = Release;
		};
/* End XCBuildConfiguration section */

/* Begin XCConfigurationList section */
		18C970E81BE52B5C00C3AB7A /* Build configuration list for PBXProject "lampApp" */ = {
			isa = XCConfigurationList;
			buildConfigurations = (
				18C971181BE52B5C00C3AB7A /* Debug */,
				18C971191BE52B5C00C3AB7A /* Release */,
			);
			defaultConfigurationIsVisible = 0;
			defaultConfigurationName = Release;
		};
		18C9711A1BE52B5C00C3AB7A /* Build configuration list for PBXNativeTarget "lampApp" */ = {
			isa = XCConfigurationList;
			buildConfigurations = (
				18C9711B1BE52B5C00C3AB7A /* Debug */,
				18C9711C1BE52B5C00C3AB7A /* Release */,
			);
			defaultConfigurationIsVisible = 0;
			defaultConfigurationName = Release;
		};
		18C9711D1BE52B5C00C3AB7A /* Build configuration list for PBXNativeTarget "lampAppTests" */ = {
			isa = XCConfigurationList;
			buildConfigurations = (
				18C9711E1BE52B5C00C3AB7A /* Debug */,
				18C9711F1BE52B5C00C3AB7A /* Release */,
			);
			defaultConfigurationIsVisible = 0;
			defaultConfigurationName = Release;
		};
		18C971201BE52B5C00C3AB7A /* Build configuration list for PBXNativeTarget "lampAppUITests" */ = {
			isa = XCConfigurationList;
			buildConfigurations = (
				18C971211BE52B5C00C3AB7A /* Debug */,
				18C971221BE52B5C00C3AB7A /* Release */,
			);
			defaultConfigurationIsVisible = 0;
			defaultConfigurationName = Release;
		};
/* End XCConfigurationList section */
	};
	rootObject = 18C970E51BE52B5C00C3AB7A /* Project object */;
}
